PODS:
  - AcknowList (1.6)
  - Alamofire (4.7.1)
  - AlamofireNetworkActivityIndicator (2.2.0):
    - Alamofire (~> 4.5)
  - AlamofireObjectMapper (5.0.0):
    - Alamofire (~> 4.1)
    - ObjectMapper (~> 3.0)
  - CTFeedback (1.1.1)
  - DeviceKit (1.6.0)
  - DZNEmptyDataSet (1.8.1)
  - LinearProgressView (2.0.0)
  - MXParallaxHeader (0.6.1)
  - ObjectMapper (3.1.0)
  - SimulatorStatusMagic (2.1)
  - SnapKit (4.0.0)

DEPENDENCIES:
  - AcknowList
  - Alamofire
  - AlamofireNetworkActivityIndicator
  - AlamofireObjectMapper
  - CTFeedback
  - DeviceKit
  - DZNEmptyDataSet
  - LinearProgressView
  - MXParallaxHeader
  - SimulatorStatusMagic
  - SnapKit

SPEC REPOS:
  https://github.com/CocoaPods/Specs.git:
    - AcknowList
    - Alamofire
    - AlamofireNetworkActivityIndicator
    - AlamofireObjectMapper
    - CTFeedback
    - DeviceKit
    - DZNEmptyDataSet
    - LinearProgressView
    - MXParallaxHeader
    - ObjectMapper
    - SimulatorStatusMagic
    - SnapKit

SPEC CHECKSUMS:
  AcknowList: 2b27ccc75110be58be37424c4b08b07bdec628b4
  Alamofire: 68d7d521118d49c615a8d2214d87cdf525599d30
  AlamofireNetworkActivityIndicator: 81e1630e7cfed22a4e4e82a174c59e651dc4f8ca
  AlamofireObjectMapper: 5fafc816351cbbc0d486611aaeba7461c0cbad49
  CTFeedback: 6f128606e0d26d46075c3fa9fc33884372df8675
  DeviceKit: 3de509f9db7ae93bf676da5e97b945517bc957cd
  DZNEmptyDataSet: 9525833b9e68ac21c30253e1d3d7076cc828eaa7
  LinearProgressView: 2e71a3a937b93488f381088f0ba27f2ff52bb26c
  MXParallaxHeader: 858c403532ed933b381556a81ce333d7065ad182
  ObjectMapper: 20505058f54e5c3ca69e1d6de9897d152a5369a6
  SimulatorStatusMagic: 481558caf2b9ccb2ceba2cc193728d4db3dcac07
  SnapKit: a42d492c16e80209130a3379f73596c3454b7694

PODFILE CHECKSUM: da29b019e2699ebd6f0570eca60dc5f33097b7f6

COCOAPODS: 1.5.0
