PODS:
  - AcknowList (1.1)
  - Alamofire (4.0.1)
  - AlamofireNetworkActivityIndicator (2.0.1):
    - Alamofire (~> 4.0)
  - AlamofireObjectMapper (4.0.0):
    - Alamofire (~> 4.0)
    - ObjectMapper (~> 2.0)
  - DZNEmptyDataSet (1.8.1)
  - Localize-Swift (1.6)
  - ObjectMapper (2.1.0)
  - SimulatorStatusMagic (1.9.2)

DEPENDENCIES:
  - AcknowList
  - Alamofire
  - AlamofireNetworkActivityIndicator
  - AlamofireObjectMapper
  - DZNEmptyDataSet
  - Localize-Swift
  - SimulatorStatusMagic

SPEC CHECKSUMS:
  AcknowList: b3c0bfaec365465991cff3d4315d8ba95186bb82
  Alamofire: 7682d43245de14874acd142ec137b144aa1dd335
  AlamofireNetworkActivityIndicator: 3e55069ada3e1ff7703665156429eedcdfea0bc1
  AlamofireObjectMapper: 9faa3ce5a240efda1b209009a2d6e1e949227abc
  DZNEmptyDataSet: 9525833b9e68ac21c30253e1d3d7076cc828eaa7
  Localize-Swift: d34c70b34ffb1468b2942c3f0b5c1dfd9119877e
  ObjectMapper: e5e0f8aef8590fc2ddcde7f27eddb255863ee6e9
  SimulatorStatusMagic: f6cf062b0e5a2df6f000bb0f98d1ae6977c8dbc1

PODFILE CHECKSUM: ccc5ab632380133dea2e6e25f203e58daacd3f9e

COCOAPODS: 1.2.0.rc.1
