// !$*UTF8*$!
{
	archiveVersion = 1;
	classes = {
	};
	objectVersion = 46;
	objects = {

/* Begin PBXBuildFile section */
		16136BD81B1C3F0700B3F744 /* InterfaceController.swift in Sources */ = {isa = PBXBuildFile; fileRef = 16136BD71B1C3F0700B3F744 /* InterfaceController.swift */; };
		16136BDA1B1C3F0700B3F744 /* GlanceController.swift in Sources */ = {isa = PBXBuildFile; fileRef = 16136BD91B1C3F0700B3F744 /* GlanceController.swift */; };
		16136BDC1B1C3F0700B3F744 /* Images.xcassets in Resources */ = {isa = PBXBuildFile; fileRef = 16136BDB1B1C3F0700B3F744 /* Images.xcassets */; };
		16136BE01B1C3F0700B3F744 /* kuStudy WatchKit App.app in Resources */ = {isa = PBXBuildFile; fileRef = 16136BDF1B1C3F0700B3F744 /* kuStudy WatchKit App.app */; };
		16136BE81B1C3F0800B3F744 /* Interface.storyboard in Resources */ = {isa = PBXBuildFile; fileRef = 16136BE61B1C3F0700B3F744 /* Interface.storyboard */; };
		16136BEA1B1C3F0800B3F744 /* Images.xcassets in Resources */ = {isa = PBXBuildFile; fileRef = 16136BE91B1C3F0800B3F744 /* Images.xcassets */; };
		16136BED1B1C3F0800B3F744 /* kuStudy WatchKit Extension.appex in Embed App Extensions */ = {isa = PBXBuildFile; fileRef = 16136BD31B1C3F0700B3F744 /* kuStudy WatchKit Extension.appex */; settings = {ATTRIBUTES = (RemoveHeadersOnCopy, ); }; };
		167245C51B19C0370083035F /* AppDelegate.swift in Sources */ = {isa = PBXBuildFile; fileRef = 167245C41B19C0370083035F /* AppDelegate.swift */; };
		167245CA1B19C0370083035F /* Main.storyboard in Resources */ = {isa = PBXBuildFile; fileRef = 167245C81B19C0370083035F /* Main.storyboard */; };
		167245CC1B19C0370083035F /* Images.xcassets in Resources */ = {isa = PBXBuildFile; fileRef = 167245CB1B19C0370083035F /* Images.xcassets */; };
		167245CF1B19C0370083035F /* LaunchScreen.xib in Resources */ = {isa = PBXBuildFile; fileRef = 167245CD1B19C0370083035F /* LaunchScreen.xib */; };
		167245DB1B19C0370083035F /* kuStudyTests.swift in Sources */ = {isa = PBXBuildFile; fileRef = 167245DA1B19C0370083035F /* kuStudyTests.swift */; };
		167245F11B19C42B0083035F /* kuStudyKit.h in Headers */ = {isa = PBXBuildFile; fileRef = 167245F01B19C42B0083035F /* kuStudyKit.h */; settings = {ATTRIBUTES = (Public, ); }; };
		167245F71B19C42B0083035F /* kuStudyKit.framework in Frameworks */ = {isa = PBXBuildFile; fileRef = 167245EC1B19C42B0083035F /* kuStudyKit.framework */; };
		167246001B19C42B0083035F /* kuStudyKitTests.swift in Sources */ = {isa = PBXBuildFile; fileRef = 167245FF1B19C42B0083035F /* kuStudyKitTests.swift */; };
		167246031B19C42B0083035F /* kuStudyKit.framework in Frameworks */ = {isa = PBXBuildFile; fileRef = 167245EC1B19C42B0083035F /* kuStudyKit.framework */; };
		167246041B19C42B0083035F /* kuStudyKit.framework in Embed Frameworks */ = {isa = PBXBuildFile; fileRef = 167245EC1B19C42B0083035F /* kuStudyKit.framework */; settings = {ATTRIBUTES = (CodeSignOnCopy, RemoveHeadersOnCopy, ); }; };
		167246101B1AB1AD0083035F /* kuStudy.swift in Sources */ = {isa = PBXBuildFile; fileRef = 1672460F1B1AB1AD0083035F /* kuStudy.swift */; };
		167246121B1AB1C70083035F /* kuStudyAPI.swift in Sources */ = {isa = PBXBuildFile; fileRef = 167246111B1AB1C70083035F /* kuStudyAPI.swift */; };
		167246141B1AB1D80083035F /* Request.swift in Sources */ = {isa = PBXBuildFile; fileRef = 167246131B1AB1D80083035F /* Request.swift */; };
		167246161B1AB1DF0083035F /* Database.swift in Sources */ = {isa = PBXBuildFile; fileRef = 167246151B1AB1DF0083035F /* Database.swift */; };
		167246181B1AB4370083035F /* Authentication.swift in Sources */ = {isa = PBXBuildFile; fileRef = 167246171B1AB4370083035F /* Authentication.swift */; };
		1672461A1B1B13610083035F /* Definitions.swift in Sources */ = {isa = PBXBuildFile; fileRef = 167246191B1B13610083035F /* Definitions.swift */; };
		1672461B1B1B13610083035F /* Definitions.swift in Sources */ = {isa = PBXBuildFile; fileRef = 167246191B1B13610083035F /* Definitions.swift */; };
		1672461F1B1B44850083035F /* SummaryViewController.swift in Sources */ = {isa = PBXBuildFile; fileRef = 1672461E1B1B44850083035F /* SummaryViewController.swift */; };
		167246211B1B45C40083035F /* Model.swift in Sources */ = {isa = PBXBuildFile; fileRef = 167246201B1B45C40083035F /* Model.swift */; };
		167246231B1B4BEC0083035F /* LibraryTableViewCell.swift in Sources */ = {isa = PBXBuildFile; fileRef = 167246221B1B4BEC0083035F /* LibraryTableViewCell.swift */; };
		167246251B1B4F0D0083035F /* ReadingRoomTableViewCell.swift in Sources */ = {isa = PBXBuildFile; fileRef = 167246241B1B4F0D0083035F /* ReadingRoomTableViewCell.swift */; };
		167246271B1B4F2C0083035F /* LibraryViewController.swift in Sources */ = {isa = PBXBuildFile; fileRef = 167246261B1B4F2C0083035F /* LibraryViewController.swift */; };
		1672462B1B1BEA6A0083035F /* LibraryViewModel.swift in Sources */ = {isa = PBXBuildFile; fileRef = 1672462A1B1BEA6A0083035F /* LibraryViewModel.swift */; };
		7225A4021BE49FA40A38444C /* Pods.framework in Frameworks */ = {isa = PBXBuildFile; fileRef = 576C8A2E7A4B1ADEEEB82330 /* Pods.framework */; settings = {ATTRIBUTES = (Weak, ); }; };
		D364CC67EEFEA8FF56BF7252 /* Pods.framework in Frameworks */ = {isa = PBXBuildFile; fileRef = 576C8A2E7A4B1ADEEEB82330 /* Pods.framework */; settings = {ATTRIBUTES = (Weak, ); }; };
/* End PBXBuildFile section */

/* Begin PBXContainerItemProxy section */
		16136BE11B1C3F0700B3F744 /* PBXContainerItemProxy */ = {
			isa = PBXContainerItemProxy;
			containerPortal = 167245B71B19C0370083035F /* Project object */;
			proxyType = 1;
			remoteGlobalIDString = 16136BDE1B1C3F0700B3F744;
			remoteInfo = "kuStudy WatchKit App";
		};
		16136BEB1B1C3F0800B3F744 /* PBXContainerItemProxy */ = {
			isa = PBXContainerItemProxy;
			containerPortal = 167245B71B19C0370083035F /* Project object */;
			proxyType = 1;
			remoteGlobalIDString = 16136BD21B1C3F0700B3F744;
			remoteInfo = "kuStudy WatchKit Extension";
		};
		167245D51B19C0370083035F /* PBXContainerItemProxy */ = {
			isa = PBXContainerItemProxy;
			containerPortal = 167245B71B19C0370083035F /* Project object */;
			proxyType = 1;
			remoteGlobalIDString = 167245BE1B19C0370083035F;
			remoteInfo = kuStudy;
		};
		167245F81B19C42B0083035F /* PBXContainerItemProxy */ = {
			isa = PBXContainerItemProxy;
			containerPortal = 167245B71B19C0370083035F /* Project object */;
			proxyType = 1;
			remoteGlobalIDString = 167245EB1B19C42B0083035F;
			remoteInfo = kuStudyKit;
		};
		167245FA1B19C42B0083035F /* PBXContainerItemProxy */ = {
			isa = PBXContainerItemProxy;
			containerPortal = 167245B71B19C0370083035F /* Project object */;
			proxyType = 1;
			remoteGlobalIDString = 167245BE1B19C0370083035F;
			remoteInfo = kuStudy;
		};
		167246011B19C42B0083035F /* PBXContainerItemProxy */ = {
			isa = PBXContainerItemProxy;
			containerPortal = 167245B71B19C0370083035F /* Project object */;
			proxyType = 1;
			remoteGlobalIDString = 167245EB1B19C42B0083035F;
			remoteInfo = kuStudyKit;
		};
/* End PBXContainerItemProxy section */

/* Begin PBXCopyFilesBuildPhase section */
		16136BF41B1C3F0800B3F744 /* Embed App Extensions */ = {
			isa = PBXCopyFilesBuildPhase;
			buildActionMask = 2147483647;
			dstPath = "";
			dstSubfolderSpec = 13;
			files = (
				16136BED1B1C3F0800B3F744 /* kuStudy WatchKit Extension.appex in Embed App Extensions */,
			);
			name = "Embed App Extensions";
			runOnlyForDeploymentPostprocessing = 0;
		};
		167246081B19C42C0083035F /* Embed Frameworks */ = {
			isa = PBXCopyFilesBuildPhase;
			buildActionMask = 2147483647;
			dstPath = "";
			dstSubfolderSpec = 10;
			files = (
				167246041B19C42B0083035F /* kuStudyKit.framework in Embed Frameworks */,
			);
			name = "Embed Frameworks";
			runOnlyForDeploymentPostprocessing = 0;
		};
/* End PBXCopyFilesBuildPhase section */

/* Begin PBXFileReference section */
		16136BD31B1C3F0700B3F744 /* kuStudy WatchKit Extension.appex */ = {isa = PBXFileReference; explicitFileType = "wrapper.app-extension"; includeInIndex = 0; path = "kuStudy WatchKit Extension.appex"; sourceTree = BUILT_PRODUCTS_DIR; };
		16136BD61B1C3F0700B3F744 /* Info.plist */ = {isa = PBXFileReference; lastKnownFileType = text.plist.xml; path = Info.plist; sourceTree = "<group>"; };
		16136BD71B1C3F0700B3F744 /* InterfaceController.swift */ = {isa = PBXFileReference; lastKnownFileType = sourcecode.swift; path = InterfaceController.swift; sourceTree = "<group>"; };
		16136BD91B1C3F0700B3F744 /* GlanceController.swift */ = {isa = PBXFileReference; lastKnownFileType = sourcecode.swift; path = GlanceController.swift; sourceTree = "<group>"; };
		16136BDB1B1C3F0700B3F744 /* Images.xcassets */ = {isa = PBXFileReference; lastKnownFileType = folder.assetcatalog; path = Images.xcassets; sourceTree = "<group>"; };
		16136BDF1B1C3F0700B3F744 /* kuStudy WatchKit App.app */ = {isa = PBXFileReference; explicitFileType = wrapper.application; includeInIndex = 0; path = "kuStudy WatchKit App.app"; sourceTree = BUILT_PRODUCTS_DIR; };
		16136BE51B1C3F0700B3F744 /* Info.plist */ = {isa = PBXFileReference; lastKnownFileType = text.plist.xml; path = Info.plist; sourceTree = "<group>"; };
		16136BE71B1C3F0700B3F744 /* Base */ = {isa = PBXFileReference; lastKnownFileType = file.storyboard; name = Base; path = Base.lproj/Interface.storyboard; sourceTree = "<group>"; };
		16136BE91B1C3F0800B3F744 /* Images.xcassets */ = {isa = PBXFileReference; lastKnownFileType = folder.assetcatalog; path = Images.xcassets; sourceTree = "<group>"; };
		16136BF51B1C406800B3F744 /* kuStudy WatchKit Extension.entitlements */ = {isa = PBXFileReference; lastKnownFileType = text.xml; path = "kuStudy WatchKit Extension.entitlements"; sourceTree = "<group>"; };
		167245BF1B19C0370083035F /* kuStudy.app */ = {isa = PBXFileReference; explicitFileType = wrapper.application; includeInIndex = 0; path = kuStudy.app; sourceTree = BUILT_PRODUCTS_DIR; };
		167245C31B19C0370083035F /* Info.plist */ = {isa = PBXFileReference; lastKnownFileType = text.plist.xml; path = Info.plist; sourceTree = "<group>"; };
		167245C41B19C0370083035F /* AppDelegate.swift */ = {isa = PBXFileReference; lastKnownFileType = sourcecode.swift; path = AppDelegate.swift; sourceTree = "<group>"; };
		167245C91B19C0370083035F /* Base */ = {isa = PBXFileReference; lastKnownFileType = file.storyboard; name = Base; path = Base.lproj/Main.storyboard; sourceTree = "<group>"; };
		167245CB1B19C0370083035F /* Images.xcassets */ = {isa = PBXFileReference; lastKnownFileType = folder.assetcatalog; path = Images.xcassets; sourceTree = "<group>"; };
		167245CE1B19C0370083035F /* Base */ = {isa = PBXFileReference; lastKnownFileType = file.xib; name = Base; path = Base.lproj/LaunchScreen.xib; sourceTree = "<group>"; };
		167245D41B19C0370083035F /* kuStudyTests.xctest */ = {isa = PBXFileReference; explicitFileType = wrapper.cfbundle; includeInIndex = 0; path = kuStudyTests.xctest; sourceTree = BUILT_PRODUCTS_DIR; };
		167245D91B19C0370083035F /* Info.plist */ = {isa = PBXFileReference; lastKnownFileType = text.plist.xml; path = Info.plist; sourceTree = "<group>"; };
		167245DA1B19C0370083035F /* kuStudyTests.swift */ = {isa = PBXFileReference; lastKnownFileType = sourcecode.swift; path = kuStudyTests.swift; sourceTree = "<group>"; };
		167245EC1B19C42B0083035F /* kuStudyKit.framework */ = {isa = PBXFileReference; explicitFileType = wrapper.framework; includeInIndex = 0; path = kuStudyKit.framework; sourceTree = BUILT_PRODUCTS_DIR; };
		167245EF1B19C42B0083035F /* Info.plist */ = {isa = PBXFileReference; lastKnownFileType = text.plist.xml; path = Info.plist; sourceTree = "<group>"; };
		167245F01B19C42B0083035F /* kuStudyKit.h */ = {isa = PBXFileReference; lastKnownFileType = sourcecode.c.h; path = kuStudyKit.h; sourceTree = "<group>"; };
		167245F61B19C42B0083035F /* kuStudyKitTests.xctest */ = {isa = PBXFileReference; explicitFileType = wrapper.cfbundle; includeInIndex = 0; path = kuStudyKitTests.xctest; sourceTree = BUILT_PRODUCTS_DIR; };
		167245FE1B19C42B0083035F /* Info.plist */ = {isa = PBXFileReference; lastKnownFileType = text.plist.xml; path = Info.plist; sourceTree = "<group>"; };
		167245FF1B19C42B0083035F /* kuStudyKitTests.swift */ = {isa = PBXFileReference; lastKnownFileType = sourcecode.swift; path = kuStudyKitTests.swift; sourceTree = "<group>"; };
		1672460F1B1AB1AD0083035F /* kuStudy.swift */ = {isa = PBXFileReference; fileEncoding = 4; lastKnownFileType = sourcecode.swift; path = kuStudy.swift; sourceTree = "<group>"; };
		167246111B1AB1C70083035F /* kuStudyAPI.swift */ = {isa = PBXFileReference; fileEncoding = 4; lastKnownFileType = sourcecode.swift; path = kuStudyAPI.swift; sourceTree = "<group>"; };
		167246131B1AB1D80083035F /* Request.swift */ = {isa = PBXFileReference; fileEncoding = 4; lastKnownFileType = sourcecode.swift; path = Request.swift; sourceTree = "<group>"; };
		167246151B1AB1DF0083035F /* Database.swift */ = {isa = PBXFileReference; fileEncoding = 4; lastKnownFileType = sourcecode.swift; path = Database.swift; sourceTree = "<group>"; };
		167246171B1AB4370083035F /* Authentication.swift */ = {isa = PBXFileReference; fileEncoding = 4; lastKnownFileType = sourcecode.swift; path = Authentication.swift; sourceTree = "<group>"; };
		167246191B1B13610083035F /* Definitions.swift */ = {isa = PBXFileReference; fileEncoding = 4; lastKnownFileType = sourcecode.swift; path = Definitions.swift; sourceTree = "<group>"; };
		1672461C1B1B138B0083035F /* kuStudy.entitlements */ = {isa = PBXFileReference; lastKnownFileType = text.xml; path = kuStudy.entitlements; sourceTree = "<group>"; };
		1672461E1B1B44850083035F /* SummaryViewController.swift */ = {isa = PBXFileReference; fileEncoding = 4; lastKnownFileType = sourcecode.swift; name = SummaryViewController.swift; path = "view controller/SummaryViewController.swift"; sourceTree = "<group>"; };
		167246201B1B45C40083035F /* Model.swift */ = {isa = PBXFileReference; fileEncoding = 4; lastKnownFileType = sourcecode.swift; path = Model.swift; sourceTree = "<group>"; };
		167246221B1B4BEC0083035F /* LibraryTableViewCell.swift */ = {isa = PBXFileReference; fileEncoding = 4; lastKnownFileType = sourcecode.swift; name = LibraryTableViewCell.swift; path = view/LibraryTableViewCell.swift; sourceTree = "<group>"; };
		167246241B1B4F0D0083035F /* ReadingRoomTableViewCell.swift */ = {isa = PBXFileReference; fileEncoding = 4; lastKnownFileType = sourcecode.swift; name = ReadingRoomTableViewCell.swift; path = view/ReadingRoomTableViewCell.swift; sourceTree = "<group>"; };
		167246261B1B4F2C0083035F /* LibraryViewController.swift */ = {isa = PBXFileReference; fileEncoding = 4; lastKnownFileType = sourcecode.swift; name = LibraryViewController.swift; path = "view controller/LibraryViewController.swift"; sourceTree = "<group>"; };
		1672462A1B1BEA6A0083035F /* LibraryViewModel.swift */ = {isa = PBXFileReference; fileEncoding = 4; lastKnownFileType = sourcecode.swift; name = LibraryViewModel.swift; path = "view model/LibraryViewModel.swift"; sourceTree = "<group>"; };
		576C8A2E7A4B1ADEEEB82330 /* Pods.framework */ = {isa = PBXFileReference; explicitFileType = wrapper.framework; includeInIndex = 0; path = Pods.framework; sourceTree = BUILT_PRODUCTS_DIR; };
		AEF2ACCF4EB222A033994B4C /* Pods.release.xcconfig */ = {isa = PBXFileReference; includeInIndex = 1; lastKnownFileType = text.xcconfig; name = Pods.release.xcconfig; path = "../Pods/Target Support Files/Pods/Pods.release.xcconfig"; sourceTree = "<group>"; };
		D6A1D2BE9AFB6C1F599240B7 /* Pods.debug.xcconfig */ = {isa = PBXFileReference; includeInIndex = 1; lastKnownFileType = text.xcconfig; name = Pods.debug.xcconfig; path = "../Pods/Target Support Files/Pods/Pods.debug.xcconfig"; sourceTree = "<group>"; };
/* End PBXFileReference section */

/* Begin PBXFrameworksBuildPhase section */
		16136BD01B1C3F0700B3F744 /* Frameworks */ = {
			isa = PBXFrameworksBuildPhase;
			buildActionMask = 2147483647;
			files = (
			);
			runOnlyForDeploymentPostprocessing = 0;
		};
		167245BC1B19C0370083035F /* Frameworks */ = {
			isa = PBXFrameworksBuildPhase;
			buildActionMask = 2147483647;
			files = (
				167246031B19C42B0083035F /* kuStudyKit.framework in Frameworks */,
				D364CC67EEFEA8FF56BF7252 /* Pods.framework in Frameworks */,
			);
			runOnlyForDeploymentPostprocessing = 0;
		};
		167245D11B19C0370083035F /* Frameworks */ = {
			isa = PBXFrameworksBuildPhase;
			buildActionMask = 2147483647;
			files = (
			);
			runOnlyForDeploymentPostprocessing = 0;
		};
		167245E81B19C42B0083035F /* Frameworks */ = {
			isa = PBXFrameworksBuildPhase;
			buildActionMask = 2147483647;
			files = (
				7225A4021BE49FA40A38444C /* Pods.framework in Frameworks */,
			);
			runOnlyForDeploymentPostprocessing = 0;
		};
		167245F31B19C42B0083035F /* Frameworks */ = {
			isa = PBXFrameworksBuildPhase;
			buildActionMask = 2147483647;
			files = (
				167245F71B19C42B0083035F /* kuStudyKit.framework in Frameworks */,
			);
			runOnlyForDeploymentPostprocessing = 0;
		};
/* End PBXFrameworksBuildPhase section */

/* Begin PBXGroup section */
		16136BD41B1C3F0700B3F744 /* kuStudy WatchKit Extension */ = {
			isa = PBXGroup;
			children = (
				16136BF51B1C406800B3F744 /* kuStudy WatchKit Extension.entitlements */,
				16136BD71B1C3F0700B3F744 /* InterfaceController.swift */,
				16136BD91B1C3F0700B3F744 /* GlanceController.swift */,
				16136BDB1B1C3F0700B3F744 /* Images.xcassets */,
				16136BD51B1C3F0700B3F744 /* Supporting Files */,
			);
			path = "kuStudy WatchKit Extension";
			sourceTree = "<group>";
		};
		16136BD51B1C3F0700B3F744 /* Supporting Files */ = {
			isa = PBXGroup;
			children = (
				16136BD61B1C3F0700B3F744 /* Info.plist */,
			);
			name = "Supporting Files";
			sourceTree = "<group>";
		};
		16136BE31B1C3F0700B3F744 /* kuStudy WatchKit App */ = {
			isa = PBXGroup;
			children = (
				16136BE61B1C3F0700B3F744 /* Interface.storyboard */,
				16136BE91B1C3F0800B3F744 /* Images.xcassets */,
				16136BE41B1C3F0700B3F744 /* Supporting Files */,
			);
			path = "kuStudy WatchKit App";
			sourceTree = "<group>";
		};
		16136BE41B1C3F0700B3F744 /* Supporting Files */ = {
			isa = PBXGroup;
			children = (
				16136BE51B1C3F0700B3F744 /* Info.plist */,
			);
			name = "Supporting Files";
			sourceTree = "<group>";
		};
		167245B61B19C0370083035F = {
			isa = PBXGroup;
			children = (
				167246191B1B13610083035F /* Definitions.swift */,
				167245C11B19C0370083035F /* kuStudy */,
				167245ED1B19C42B0083035F /* kuStudyKit */,
				16136BD41B1C3F0700B3F744 /* kuStudy WatchKit Extension */,
				16136BE31B1C3F0700B3F744 /* kuStudy WatchKit App */,
				167245D71B19C0370083035F /* kuStudyTests */,
				167245FC1B19C42B0083035F /* kuStudyKitTests */,
				167245C01B19C0370083035F /* Products */,
				F99FE579F69C33314A4FC8C7 /* Pods */,
				6F6FBBD2472405AAB45773FC /* Frameworks */,
			);
			sourceTree = "<group>";
		};
		167245C01B19C0370083035F /* Products */ = {
			isa = PBXGroup;
			children = (
				167245BF1B19C0370083035F /* kuStudy.app */,
				167245D41B19C0370083035F /* kuStudyTests.xctest */,
				167245EC1B19C42B0083035F /* kuStudyKit.framework */,
				167245F61B19C42B0083035F /* kuStudyKitTests.xctest */,
				16136BD31B1C3F0700B3F744 /* kuStudy WatchKit Extension.appex */,
				16136BDF1B1C3F0700B3F744 /* kuStudy WatchKit App.app */,
			);
			name = Products;
			sourceTree = "<group>";
		};
		167245C11B19C0370083035F /* kuStudy */ = {
			isa = PBXGroup;
			children = (
				167245E41B19C07B0083035F /* Application */,
				167245E61B19C0890083035F /* User Interface */,
				1672461D1B1B44630083035F /* View Controller */,
				167245E51B19C0850083035F /* Resource */,
			);
			path = kuStudy;
			sourceTree = "<group>";
		};
		167245D71B19C0370083035F /* kuStudyTests */ = {
			isa = PBXGroup;
			children = (
				167245DA1B19C0370083035F /* kuStudyTests.swift */,
				167245D81B19C0370083035F /* Supporting Files */,
			);
			path = kuStudyTests;
			sourceTree = "<group>";
		};
		167245D81B19C0370083035F /* Supporting Files */ = {
			isa = PBXGroup;
			children = (
				167245D91B19C0370083035F /* Info.plist */,
			);
			name = "Supporting Files";
			sourceTree = "<group>";
		};
		167245E41B19C07B0083035F /* Application */ = {
			isa = PBXGroup;
			children = (
				167245C41B19C0370083035F /* AppDelegate.swift */,
				167245C31B19C0370083035F /* Info.plist */,
				1672461C1B1B138B0083035F /* kuStudy.entitlements */,
			);
			name = Application;
			sourceTree = "<group>";
		};
		167245E51B19C0850083035F /* Resource */ = {
			isa = PBXGroup;
			children = (
				167245CB1B19C0370083035F /* Images.xcassets */,
			);
			name = Resource;
			sourceTree = "<group>";
		};
		167245E61B19C0890083035F /* User Interface */ = {
			isa = PBXGroup;
			children = (
				167245C81B19C0370083035F /* Main.storyboard */,
				167245CD1B19C0370083035F /* LaunchScreen.xib */,
			);
			name = "User Interface";
			sourceTree = "<group>";
		};
		167245ED1B19C42B0083035F /* kuStudyKit */ = {
			isa = PBXGroup;
			children = (
				1672460C1B19C43C0083035F /* Framework */,
				1672460F1B1AB1AD0083035F /* kuStudy.swift */,
				167246111B1AB1C70083035F /* kuStudyAPI.swift */,
				167246171B1AB4370083035F /* Authentication.swift */,
				167246131B1AB1D80083035F /* Request.swift */,
				167246151B1AB1DF0083035F /* Database.swift */,
				167246201B1B45C40083035F /* Model.swift */,
			);
			path = kuStudyKit;
			sourceTree = "<group>";
		};
		167245FC1B19C42B0083035F /* kuStudyKitTests */ = {
			isa = PBXGroup;
			children = (
				167245FF1B19C42B0083035F /* kuStudyKitTests.swift */,
				167245FD1B19C42B0083035F /* Supporting Files */,
			);
			path = kuStudyKitTests;
			sourceTree = "<group>";
		};
		167245FD1B19C42B0083035F /* Supporting Files */ = {
			isa = PBXGroup;
			children = (
				167245FE1B19C42B0083035F /* Info.plist */,
			);
			name = "Supporting Files";
			sourceTree = "<group>";
		};
		1672460C1B19C43C0083035F /* Framework */ = {
			isa = PBXGroup;
			children = (
				167245F01B19C42B0083035F /* kuStudyKit.h */,
				167245EF1B19C42B0083035F /* Info.plist */,
			);
			name = Framework;
			sourceTree = "<group>";
		};
		1672461D1B1B44630083035F /* View Controller */ = {
			isa = PBXGroup;
			children = (
				167246281B1BE9F30083035F /* Summary */,
				167246291B1BE9FA0083035F /* Library */,
			);
			name = "View Controller";
			sourceTree = "<group>";
		};
		167246281B1BE9F30083035F /* Summary */ = {
			isa = PBXGroup;
			children = (
				1672461E1B1B44850083035F /* SummaryViewController.swift */,
				1672462A1B1BEA6A0083035F /* LibraryViewModel.swift */,
				167246221B1B4BEC0083035F /* LibraryTableViewCell.swift */,
			);
			name = Summary;
			sourceTree = "<group>";
		};
		167246291B1BE9FA0083035F /* Library */ = {
			isa = PBXGroup;
			children = (
				167246261B1B4F2C0083035F /* LibraryViewController.swift */,
				167246241B1B4F0D0083035F /* ReadingRoomTableViewCell.swift */,
			);
			name = Library;
			sourceTree = "<group>";
		};
		6F6FBBD2472405AAB45773FC /* Frameworks */ = {
			isa = PBXGroup;
			children = (
				576C8A2E7A4B1ADEEEB82330 /* Pods.framework */,
			);
			name = Frameworks;
			sourceTree = "<group>";
		};
		F99FE579F69C33314A4FC8C7 /* Pods */ = {
			isa = PBXGroup;
			children = (
				D6A1D2BE9AFB6C1F599240B7 /* Pods.debug.xcconfig */,
				AEF2ACCF4EB222A033994B4C /* Pods.release.xcconfig */,
			);
			name = Pods;
			sourceTree = "<group>";
		};
/* End PBXGroup section */

/* Begin PBXHeadersBuildPhase section */
		167245E91B19C42B0083035F /* Headers */ = {
			isa = PBXHeadersBuildPhase;
			buildActionMask = 2147483647;
			files = (
				167245F11B19C42B0083035F /* kuStudyKit.h in Headers */,
			);
			runOnlyForDeploymentPostprocessing = 0;
		};
/* End PBXHeadersBuildPhase section */

/* Begin PBXNativeTarget section */
		16136BD21B1C3F0700B3F744 /* kuStudy WatchKit Extension */ = {
			isa = PBXNativeTarget;
			buildConfigurationList = 16136BF31B1C3F0800B3F744 /* Build configuration list for PBXNativeTarget "kuStudy WatchKit Extension" */;
			buildPhases = (
				16136BCF1B1C3F0700B3F744 /* Sources */,
				16136BD01B1C3F0700B3F744 /* Frameworks */,
				16136BD11B1C3F0700B3F744 /* Resources */,
			);
			buildRules = (
			);
			dependencies = (
				16136BE21B1C3F0700B3F744 /* PBXTargetDependency */,
			);
			name = "kuStudy WatchKit Extension";
			productName = "kuStudy WatchKit Extension";
			productReference = 16136BD31B1C3F0700B3F744 /* kuStudy WatchKit Extension.appex */;
			productType = "com.apple.product-type.watchkit-extension";
		};
		16136BDE1B1C3F0700B3F744 /* kuStudy WatchKit App */ = {
			isa = PBXNativeTarget;
			buildConfigurationList = 16136BF21B1C3F0800B3F744 /* Build configuration list for PBXNativeTarget "kuStudy WatchKit App" */;
			buildPhases = (
				16136BDD1B1C3F0700B3F744 /* Resources */,
			);
			buildRules = (
			);
			dependencies = (
			);
			name = "kuStudy WatchKit App";
			productName = "kuStudy WatchKit App";
			productReference = 16136BDF1B1C3F0700B3F744 /* kuStudy WatchKit App.app */;
			productType = "com.apple.product-type.application.watchapp";
		};
		167245BE1B19C0370083035F /* kuStudy */ = {
			isa = PBXNativeTarget;
			buildConfigurationList = 167245DE1B19C0370083035F /* Build configuration list for PBXNativeTarget "kuStudy" */;
			buildPhases = (
				C7FD3EAB018BED9536A87925 /* Check Pods Manifest.lock */,
				167245BB1B19C0370083035F /* Sources */,
				167245BC1B19C0370083035F /* Frameworks */,
				167245BD1B19C0370083035F /* Resources */,
				167246081B19C42C0083035F /* Embed Frameworks */,
				D524F00B165DB3D3C3975AB0 /* Embed Pods Frameworks */,
				D0FEF566EF60B5D8B079A2D1 /* Copy Pods Resources */,
				16136BF41B1C3F0800B3F744 /* Embed App Extensions */,
			);
			buildRules = (
			);
			dependencies = (
				167246021B19C42B0083035F /* PBXTargetDependency */,
				16136BEC1B1C3F0800B3F744 /* PBXTargetDependency */,
			);
			name = kuStudy;
			productName = kuStudy;
			productReference = 167245BF1B19C0370083035F /* kuStudy.app */;
			productType = "com.apple.product-type.application";
		};
		167245D31B19C0370083035F /* kuStudyTests */ = {
			isa = PBXNativeTarget;
			buildConfigurationList = 167245E11B19C0370083035F /* Build configuration list for PBXNativeTarget "kuStudyTests" */;
			buildPhases = (
				167245D01B19C0370083035F /* Sources */,
				167245D11B19C0370083035F /* Frameworks */,
				167245D21B19C0370083035F /* Resources */,
			);
			buildRules = (
			);
			dependencies = (
				167245D61B19C0370083035F /* PBXTargetDependency */,
			);
			name = kuStudyTests;
			productName = kuStudyTests;
			productReference = 167245D41B19C0370083035F /* kuStudyTests.xctest */;
			productType = "com.apple.product-type.bundle.unit-test";
		};
		167245EB1B19C42B0083035F /* kuStudyKit */ = {
			isa = PBXNativeTarget;
			buildConfigurationList = 167246051B19C42C0083035F /* Build configuration list for PBXNativeTarget "kuStudyKit" */;
			buildPhases = (
				A697127F9C59AE4BB56A20F3 /* Check Pods Manifest.lock */,
				167245E71B19C42B0083035F /* Sources */,
				167245E81B19C42B0083035F /* Frameworks */,
				167245E91B19C42B0083035F /* Headers */,
				167245EA1B19C42B0083035F /* Resources */,
				EB9AA8650B5C701546E1F888 /* Copy Pods Resources */,
			);
			buildRules = (
			);
			dependencies = (
			);
			name = kuStudyKit;
			productName = kuStudyKit;
			productReference = 167245EC1B19C42B0083035F /* kuStudyKit.framework */;
			productType = "com.apple.product-type.framework";
		};
		167245F51B19C42B0083035F /* kuStudyKitTests */ = {
			isa = PBXNativeTarget;
			buildConfigurationList = 167246091B19C42C0083035F /* Build configuration list for PBXNativeTarget "kuStudyKitTests" */;
			buildPhases = (
				167245F21B19C42B0083035F /* Sources */,
				167245F31B19C42B0083035F /* Frameworks */,
				167245F41B19C42B0083035F /* Resources */,
			);
			buildRules = (
			);
			dependencies = (
				167245F91B19C42B0083035F /* PBXTargetDependency */,
				167245FB1B19C42B0083035F /* PBXTargetDependency */,
			);
			name = kuStudyKitTests;
			productName = kuStudyKitTests;
			productReference = 167245F61B19C42B0083035F /* kuStudyKitTests.xctest */;
			productType = "com.apple.product-type.bundle.unit-test";
		};
/* End PBXNativeTarget section */

/* Begin PBXProject section */
		167245B71B19C0370083035F /* Project object */ = {
			isa = PBXProject;
			attributes = {
				LastUpgradeCheck = 0630;
				ORGANIZATIONNAME = gbmKSquare;
				TargetAttributes = {
					16136BD21B1C3F0700B3F744 = {
						CreatedOnToolsVersion = 6.3.2;
						DevelopmentTeam = 3ZTVE7CS5L;
						SystemCapabilities = {
							com.apple.ApplicationGroups.iOS = {
								enabled = 1;
							};
							com.apple.Keychain = {
								enabled = 1;
							};
						};
					};
					16136BDE1B1C3F0700B3F744 = {
						CreatedOnToolsVersion = 6.3.2;
					};
					167245BE1B19C0370083035F = {
						CreatedOnToolsVersion = 6.3.2;
						DevelopmentTeam = 3ZTVE7CS5L;
						SystemCapabilities = {
							com.apple.ApplicationGroups.iOS = {
								enabled = 1;
							};
							com.apple.Keychain = {
								enabled = 1;
							};
						};
					};
					167245D31B19C0370083035F = {
						CreatedOnToolsVersion = 6.3.2;
						TestTargetID = 167245BE1B19C0370083035F;
					};
					167245EB1B19C42B0083035F = {
						CreatedOnToolsVersion = 6.3.2;
						DevelopmentTeam = 3ZTVE7CS5L;
					};
					167245F51B19C42B0083035F = {
						CreatedOnToolsVersion = 6.3.2;
						TestTargetID = 167245BE1B19C0370083035F;
					};
				};
			};
			buildConfigurationList = 167245BA1B19C0370083035F /* Build configuration list for PBXProject "kuStudy" */;
			compatibilityVersion = "Xcode 3.2";
			developmentRegion = English;
			hasScannedForEncodings = 0;
			knownRegions = (
				en,
				Base,
			);
			mainGroup = 167245B61B19C0370083035F;
			productRefGroup = 167245C01B19C0370083035F /* Products */;
			projectDirPath = "";
			projectRoot = "";
			targets = (
				167245BE1B19C0370083035F /* kuStudy */,
				167245EB1B19C42B0083035F /* kuStudyKit */,
				16136BD21B1C3F0700B3F744 /* kuStudy WatchKit Extension */,
				16136BDE1B1C3F0700B3F744 /* kuStudy WatchKit App */,
				167245D31B19C0370083035F /* kuStudyTests */,
				167245F51B19C42B0083035F /* kuStudyKitTests */,
			);
		};
/* End PBXProject section */

/* Begin PBXResourcesBuildPhase section */
		16136BD11B1C3F0700B3F744 /* Resources */ = {
			isa = PBXResourcesBuildPhase;
			buildActionMask = 2147483647;
			files = (
				16136BE01B1C3F0700B3F744 /* kuStudy WatchKit App.app in Resources */,
				16136BDC1B1C3F0700B3F744 /* Images.xcassets in Resources */,
			);
			runOnlyForDeploymentPostprocessing = 0;
		};
		16136BDD1B1C3F0700B3F744 /* Resources */ = {
			isa = PBXResourcesBuildPhase;
			buildActionMask = 2147483647;
			files = (
				16136BE81B1C3F0800B3F744 /* Interface.storyboard in Resources */,
				16136BEA1B1C3F0800B3F744 /* Images.xcassets in Resources */,
			);
			runOnlyForDeploymentPostprocessing = 0;
		};
		167245BD1B19C0370083035F /* Resources */ = {
			isa = PBXResourcesBuildPhase;
			buildActionMask = 2147483647;
			files = (
				167245CA1B19C0370083035F /* Main.storyboard in Resources */,
				167245CF1B19C0370083035F /* LaunchScreen.xib in Resources */,
				167245CC1B19C0370083035F /* Images.xcassets in Resources */,
			);
			runOnlyForDeploymentPostprocessing = 0;
		};
		167245D21B19C0370083035F /* Resources */ = {
			isa = PBXResourcesBuildPhase;
			buildActionMask = 2147483647;
			files = (
			);
			runOnlyForDeploymentPostprocessing = 0;
		};
		167245EA1B19C42B0083035F /* Resources */ = {
			isa = PBXResourcesBuildPhase;
			buildActionMask = 2147483647;
			files = (
			);
			runOnlyForDeploymentPostprocessing = 0;
		};
		167245F41B19C42B0083035F /* Resources */ = {
			isa = PBXResourcesBuildPhase;
			buildActionMask = 2147483647;
			files = (
			);
			runOnlyForDeploymentPostprocessing = 0;
		};
/* End PBXResourcesBuildPhase section */

/* Begin PBXShellScriptBuildPhase section */
		A697127F9C59AE4BB56A20F3 /* Check Pods Manifest.lock */ = {
			isa = PBXShellScriptBuildPhase;
			buildActionMask = 2147483647;
			files = (
			);
			inputPaths = (
			);
			name = "Check Pods Manifest.lock";
			outputPaths = (
			);
			runOnlyForDeploymentPostprocessing = 0;
			shellPath = /bin/sh;
			shellScript = "diff \"${PODS_ROOT}/../Podfile.lock\" \"${PODS_ROOT}/Manifest.lock\" > /dev/null\nif [[ $? != 0 ]] ; then\n    cat << EOM\nerror: The sandbox is not in sync with the Podfile.lock. Run 'pod install' or update your CocoaPods installation.\nEOM\n    exit 1\nfi\n";
			showEnvVarsInLog = 0;
		};
		C7FD3EAB018BED9536A87925 /* Check Pods Manifest.lock */ = {
			isa = PBXShellScriptBuildPhase;
			buildActionMask = 2147483647;
			files = (
			);
			inputPaths = (
			);
			name = "Check Pods Manifest.lock";
			outputPaths = (
			);
			runOnlyForDeploymentPostprocessing = 0;
			shellPath = /bin/sh;
			shellScript = "diff \"${PODS_ROOT}/../Podfile.lock\" \"${PODS_ROOT}/Manifest.lock\" > /dev/null\nif [[ $? != 0 ]] ; then\n    cat << EOM\nerror: The sandbox is not in sync with the Podfile.lock. Run 'pod install' or update your CocoaPods installation.\nEOM\n    exit 1\nfi\n";
			showEnvVarsInLog = 0;
		};
		D0FEF566EF60B5D8B079A2D1 /* Copy Pods Resources */ = {
			isa = PBXShellScriptBuildPhase;
			buildActionMask = 2147483647;
			files = (
			);
			inputPaths = (
			);
			name = "Copy Pods Resources";
			outputPaths = (
			);
			runOnlyForDeploymentPostprocessing = 0;
			shellPath = /bin/sh;
			shellScript = "\"${SRCROOT}/../Pods/Target Support Files/Pods/Pods-resources.sh\"\n";
			showEnvVarsInLog = 0;
		};
		D524F00B165DB3D3C3975AB0 /* Embed Pods Frameworks */ = {
			isa = PBXShellScriptBuildPhase;
			buildActionMask = 2147483647;
			files = (
			);
			inputPaths = (
			);
			name = "Embed Pods Frameworks";
			outputPaths = (
			);
			runOnlyForDeploymentPostprocessing = 0;
			shellPath = /bin/sh;
			shellScript = "\"${SRCROOT}/../Pods/Target Support Files/Pods/Pods-frameworks.sh\"\n";
			showEnvVarsInLog = 0;
		};
		EB9AA8650B5C701546E1F888 /* Copy Pods Resources */ = {
			isa = PBXShellScriptBuildPhase;
			buildActionMask = 2147483647;
			files = (
			);
			inputPaths = (
			);
			name = "Copy Pods Resources";
			outputPaths = (
			);
			runOnlyForDeploymentPostprocessing = 0;
			shellPath = /bin/sh;
			shellScript = "\"${SRCROOT}/../Pods/Target Support Files/Pods/Pods-resources.sh\"\n";
			showEnvVarsInLog = 0;
		};
/* End PBXShellScriptBuildPhase section */

/* Begin PBXSourcesBuildPhase section */
		16136BCF1B1C3F0700B3F744 /* Sources */ = {
			isa = PBXSourcesBuildPhase;
			buildActionMask = 2147483647;
			files = (
				16136BD81B1C3F0700B3F744 /* InterfaceController.swift in Sources */,
				16136BDA1B1C3F0700B3F744 /* GlanceController.swift in Sources */,
			);
			runOnlyForDeploymentPostprocessing = 0;
		};
		167245BB1B19C0370083035F /* Sources */ = {
			isa = PBXSourcesBuildPhase;
			buildActionMask = 2147483647;
			files = (
				1672462B1B1BEA6A0083035F /* LibraryViewModel.swift in Sources */,
				1672461A1B1B13610083035F /* Definitions.swift in Sources */,
				167246231B1B4BEC0083035F /* LibraryTableViewCell.swift in Sources */,
				167245C51B19C0370083035F /* AppDelegate.swift in Sources */,
				167246251B1B4F0D0083035F /* ReadingRoomTableViewCell.swift in Sources */,
				167246271B1B4F2C0083035F /* LibraryViewController.swift in Sources */,
				1672461F1B1B44850083035F /* SummaryViewController.swift in Sources */,
			);
			runOnlyForDeploymentPostprocessing = 0;
		};
		167245D01B19C0370083035F /* Sources */ = {
			isa = PBXSourcesBuildPhase;
			buildActionMask = 2147483647;
			files = (
				167245DB1B19C0370083035F /* kuStudyTests.swift in Sources */,
			);
			runOnlyForDeploymentPostprocessing = 0;
		};
		167245E71B19C42B0083035F /* Sources */ = {
			isa = PBXSourcesBuildPhase;
			buildActionMask = 2147483647;
			files = (
				167246121B1AB1C70083035F /* kuStudyAPI.swift in Sources */,
				167246211B1B45C40083035F /* Model.swift in Sources */,
				167246141B1AB1D80083035F /* Request.swift in Sources */,
				167246161B1AB1DF0083035F /* Database.swift in Sources */,
				167246181B1AB4370083035F /* Authentication.swift in Sources */,
				1672461B1B1B13610083035F /* Definitions.swift in Sources */,
				167246101B1AB1AD0083035F /* kuStudy.swift in Sources */,
			);
			runOnlyForDeploymentPostprocessing = 0;
		};
		167245F21B19C42B0083035F /* Sources */ = {
			isa = PBXSourcesBuildPhase;
			buildActionMask = 2147483647;
			files = (
				167246001B19C42B0083035F /* kuStudyKitTests.swift in Sources */,
			);
			runOnlyForDeploymentPostprocessing = 0;
		};
/* End PBXSourcesBuildPhase section */

/* Begin PBXTargetDependency section */
		16136BE21B1C3F0700B3F744 /* PBXTargetDependency */ = {
			isa = PBXTargetDependency;
			target = 16136BDE1B1C3F0700B3F744 /* kuStudy WatchKit App */;
			targetProxy = 16136BE11B1C3F0700B3F744 /* PBXContainerItemProxy */;
		};
		16136BEC1B1C3F0800B3F744 /* PBXTargetDependency */ = {
			isa = PBXTargetDependency;
			target = 16136BD21B1C3F0700B3F744 /* kuStudy WatchKit Extension */;
			targetProxy = 16136BEB1B1C3F0800B3F744 /* PBXContainerItemProxy */;
		};
		167245D61B19C0370083035F /* PBXTargetDependency */ = {
			isa = PBXTargetDependency;
			target = 167245BE1B19C0370083035F /* kuStudy */;
			targetProxy = 167245D51B19C0370083035F /* PBXContainerItemProxy */;
		};
		167245F91B19C42B0083035F /* PBXTargetDependency */ = {
			isa = PBXTargetDependency;
			target = 167245EB1B19C42B0083035F /* kuStudyKit */;
			targetProxy = 167245F81B19C42B0083035F /* PBXContainerItemProxy */;
		};
		167245FB1B19C42B0083035F /* PBXTargetDependency */ = {
			isa = PBXTargetDependency;
			target = 167245BE1B19C0370083035F /* kuStudy */;
			targetProxy = 167245FA1B19C42B0083035F /* PBXContainerItemProxy */;
		};
		167246021B19C42B0083035F /* PBXTargetDependency */ = {
			isa = PBXTargetDependency;
			target = 167245EB1B19C42B0083035F /* kuStudyKit */;
			targetProxy = 167246011B19C42B0083035F /* PBXContainerItemProxy */;
		};
/* End PBXTargetDependency section */

/* Begin PBXVariantGroup section */
		16136BE61B1C3F0700B3F744 /* Interface.storyboard */ = {
			isa = PBXVariantGroup;
			children = (
				16136BE71B1C3F0700B3F744 /* Base */,
			);
			name = Interface.storyboard;
			sourceTree = "<group>";
		};
		167245C81B19C0370083035F /* Main.storyboard */ = {
			isa = PBXVariantGroup;
			children = (
				167245C91B19C0370083035F /* Base */,
			);
			name = Main.storyboard;
			sourceTree = "<group>";
		};
		167245CD1B19C0370083035F /* LaunchScreen.xib */ = {
			isa = PBXVariantGroup;
			children = (
				167245CE1B19C0370083035F /* Base */,
			);
			name = LaunchScreen.xib;
			sourceTree = "<group>";
		};
/* End PBXVariantGroup section */

/* Begin XCBuildConfiguration section */
		16136BEE1B1C3F0800B3F744 /* Debug */ = {
			isa = XCBuildConfiguration;
			buildSettings = {
				CODE_SIGN_ENTITLEMENTS = "kuStudy WatchKit Extension/kuStudy WatchKit Extension.entitlements";
				CODE_SIGN_IDENTITY = "iPhone Developer";
				"CODE_SIGN_IDENTITY[sdk=iphoneos*]" = "iPhone Developer";
				GCC_PREPROCESSOR_DEFINITIONS = (
					"DEBUG=1",
					"$(inherited)",
				);
				INFOPLIST_FILE = "kuStudy WatchKit Extension/Info.plist";
				LD_RUNPATH_SEARCH_PATHS = "$(inherited) @executable_path/Frameworks @executable_path/../../Frameworks";
				PRODUCT_NAME = "${TARGET_NAME}";
				PROVISIONING_PROFILE = "";
				SKIP_INSTALL = YES;
			};
			name = Debug;
		};
		16136BEF1B1C3F0800B3F744 /* Release */ = {
			isa = XCBuildConfiguration;
			buildSettings = {
				CODE_SIGN_ENTITLEMENTS = "kuStudy WatchKit Extension/kuStudy WatchKit Extension.entitlements";
				CODE_SIGN_IDENTITY = "iPhone Developer";
				"CODE_SIGN_IDENTITY[sdk=iphoneos*]" = "iPhone Developer";
				INFOPLIST_FILE = "kuStudy WatchKit Extension/Info.plist";
				LD_RUNPATH_SEARCH_PATHS = "$(inherited) @executable_path/Frameworks @executable_path/../../Frameworks";
				PRODUCT_NAME = "${TARGET_NAME}";
				PROVISIONING_PROFILE = "";
				SKIP_INSTALL = YES;
			};
			name = Release;
		};
		16136BF01B1C3F0800B3F744 /* Debug */ = {
			isa = XCBuildConfiguration;
			buildSettings = {
				ASSETCATALOG_COMPILER_APPICON_NAME = AppIcon;
				CODE_SIGN_IDENTITY = "iPhone Developer: BUMMO KOO (MTTAM6ZCV2)";
				GCC_PREPROCESSOR_DEFINITIONS = (
					"DEBUG=1",
					"$(inherited)",
				);
				IBSC_MODULE = kuStudy_WatchKit_Extension;
				INFOPLIST_FILE = "kuStudy WatchKit App/Info.plist";
				IPHONEOS_DEPLOYMENT_TARGET = 8.2;
				PRODUCT_NAME = "$(TARGET_NAME)";
				PROVISIONING_PROFILE = "4515cc29-5557-46e4-b5db-b82f28e320d0";
				SKIP_INSTALL = YES;
				TARGETED_DEVICE_FAMILY = 4;
				"TARGETED_DEVICE_FAMILY[sdk=iphonesimulator*]" = "1,4";
			};
			name = Debug;
		};
		16136BF11B1C3F0800B3F744 /* Release */ = {
			isa = XCBuildConfiguration;
			buildSettings = {
				ASSETCATALOG_COMPILER_APPICON_NAME = AppIcon;
				CODE_SIGN_IDENTITY = "iPhone Distribution: BUMMO KOO (3ZTVE7CS5L)";
				"CODE_SIGN_IDENTITY[sdk=iphoneos*]" = "iPhone Distribution: BUMMO KOO (3ZTVE7CS5L)";
				IBSC_MODULE = kuStudy_WatchKit_Extension;
				INFOPLIST_FILE = "kuStudy WatchKit App/Info.plist";
				IPHONEOS_DEPLOYMENT_TARGET = 8.2;
				PRODUCT_NAME = "$(TARGET_NAME)";
				PROVISIONING_PROFILE = "5b287ee0-e285-4143-ae95-e221f1d93e79";
				SKIP_INSTALL = YES;
				TARGETED_DEVICE_FAMILY = 4;
				"TARGETED_DEVICE_FAMILY[sdk=iphonesimulator*]" = "1,4";
			};
			name = Release;
		};
		167245DC1B19C0370083035F /* Debug */ = {
			isa = XCBuildConfiguration;
			buildSettings = {
				ALWAYS_SEARCH_USER_PATHS = NO;
				CLANG_CXX_LANGUAGE_STANDARD = "gnu++0x";
				CLANG_CXX_LIBRARY = "libc++";
				CLANG_ENABLE_MODULES = YES;
				CLANG_ENABLE_OBJC_ARC = YES;
				CLANG_WARN_BOOL_CONVERSION = YES;
				CLANG_WARN_CONSTANT_CONVERSION = YES;
				CLANG_WARN_DIRECT_OBJC_ISA_USAGE = YES_ERROR;
				CLANG_WARN_EMPTY_BODY = YES;
				CLANG_WARN_ENUM_CONVERSION = YES;
				CLANG_WARN_INT_CONVERSION = YES;
				CLANG_WARN_OBJC_ROOT_CLASS = YES_ERROR;
				CLANG_WARN_UNREACHABLE_CODE = YES;
				CLANG_WARN__DUPLICATE_METHOD_MATCH = YES;
				"CODE_SIGN_IDENTITY[sdk=iphoneos*]" = "iPhone Developer";
				COPY_PHASE_STRIP = NO;
				DEBUG_INFORMATION_FORMAT = "dwarf-with-dsym";
				ENABLE_STRICT_OBJC_MSGSEND = YES;
				GCC_C_LANGUAGE_STANDARD = gnu99;
				GCC_DYNAMIC_NO_PIC = NO;
				GCC_NO_COMMON_BLOCKS = YES;
				GCC_OPTIMIZATION_LEVEL = 0;
				GCC_PREPROCESSOR_DEFINITIONS = (
					"DEBUG=1",
					"$(inherited)",
				);
				GCC_SYMBOLS_PRIVATE_EXTERN = NO;
				GCC_WARN_64_TO_32_BIT_CONVERSION = YES;
				GCC_WARN_ABOUT_RETURN_TYPE = YES_ERROR;
				GCC_WARN_UNDECLARED_SELECTOR = YES;
				GCC_WARN_UNINITIALIZED_AUTOS = YES_AGGRESSIVE;
				GCC_WARN_UNUSED_FUNCTION = YES;
				GCC_WARN_UNUSED_VARIABLE = YES;
				IPHONEOS_DEPLOYMENT_TARGET = 8.3;
				MTL_ENABLE_DEBUG_INFO = YES;
				ONLY_ACTIVE_ARCH = YES;
				SDKROOT = iphoneos;
				SWIFT_OPTIMIZATION_LEVEL = "-Onone";
			};
			name = Debug;
		};
		167245DD1B19C0370083035F /* Release */ = {
			isa = XCBuildConfiguration;
			buildSettings = {
				ALWAYS_SEARCH_USER_PATHS = NO;
				CLANG_CXX_LANGUAGE_STANDARD = "gnu++0x";
				CLANG_CXX_LIBRARY = "libc++";
				CLANG_ENABLE_MODULES = YES;
				CLANG_ENABLE_OBJC_ARC = YES;
				CLANG_WARN_BOOL_CONVERSION = YES;
				CLANG_WARN_CONSTANT_CONVERSION = YES;
				CLANG_WARN_DIRECT_OBJC_ISA_USAGE = YES_ERROR;
				CLANG_WARN_EMPTY_BODY = YES;
				CLANG_WARN_ENUM_CONVERSION = YES;
				CLANG_WARN_INT_CONVERSION = YES;
				CLANG_WARN_OBJC_ROOT_CLASS = YES_ERROR;
				CLANG_WARN_UNREACHABLE_CODE = YES;
				CLANG_WARN__DUPLICATE_METHOD_MATCH = YES;
				"CODE_SIGN_IDENTITY[sdk=iphoneos*]" = "iPhone Developer";
				COPY_PHASE_STRIP = NO;
				DEBUG_INFORMATION_FORMAT = "dwarf-with-dsym";
				ENABLE_NS_ASSERTIONS = NO;
				ENABLE_STRICT_OBJC_MSGSEND = YES;
				GCC_C_LANGUAGE_STANDARD = gnu99;
				GCC_NO_COMMON_BLOCKS = YES;
				GCC_WARN_64_TO_32_BIT_CONVERSION = YES;
				GCC_WARN_ABOUT_RETURN_TYPE = YES_ERROR;
				GCC_WARN_UNDECLARED_SELECTOR = YES;
				GCC_WARN_UNINITIALIZED_AUTOS = YES_AGGRESSIVE;
				GCC_WARN_UNUSED_FUNCTION = YES;
				GCC_WARN_UNUSED_VARIABLE = YES;
				IPHONEOS_DEPLOYMENT_TARGET = 8.3;
				MTL_ENABLE_DEBUG_INFO = NO;
				SDKROOT = iphoneos;
				VALIDATE_PRODUCT = YES;
			};
			name = Release;
		};
		167245DF1B19C0370083035F /* Debug */ = {
			isa = XCBuildConfiguration;
			baseConfigurationReference = D6A1D2BE9AFB6C1F599240B7 /* Pods.debug.xcconfig */;
			buildSettings = {
				ASSETCATALOG_COMPILER_APPICON_NAME = AppIcon;
				CODE_SIGN_ENTITLEMENTS = kuStudy/kuStudy.entitlements;
				CODE_SIGN_IDENTITY = "iPhone Developer";
				"CODE_SIGN_IDENTITY[sdk=iphoneos*]" = "iPhone Developer";
				INFOPLIST_FILE = kuStudy/Info.plist;
				IPHONEOS_DEPLOYMENT_TARGET = 8.3;
				LD_RUNPATH_SEARCH_PATHS = "$(inherited) @executable_path/Frameworks";
				PRODUCT_NAME = "$(TARGET_NAME)";
				PROVISIONING_PROFILE = "";
			};
			name = Debug;
		};
		167245E01B19C0370083035F /* Release */ = {
			isa = XCBuildConfiguration;
			baseConfigurationReference = AEF2ACCF4EB222A033994B4C /* Pods.release.xcconfig */;
			buildSettings = {
				ASSETCATALOG_COMPILER_APPICON_NAME = AppIcon;
				CODE_SIGN_ENTITLEMENTS = kuStudy/kuStudy.entitlements;
				CODE_SIGN_IDENTITY = "iPhone Developer";
				"CODE_SIGN_IDENTITY[sdk=iphoneos*]" = "iPhone Developer";
				INFOPLIST_FILE = kuStudy/Info.plist;
				IPHONEOS_DEPLOYMENT_TARGET = 8.3;
				LD_RUNPATH_SEARCH_PATHS = "$(inherited) @executable_path/Frameworks";
				PRODUCT_NAME = "$(TARGET_NAME)";
				PROVISIONING_PROFILE = "";
			};
			name = Release;
		};
		167245E21B19C0370083035F /* Debug */ = {
			isa = XCBuildConfiguration;
			buildSettings = {
				BUNDLE_LOADER = "$(TEST_HOST)";
				FRAMEWORK_SEARCH_PATHS = (
					"$(SDKROOT)/Developer/Library/Frameworks",
					"$(inherited)",
				);
				GCC_PREPROCESSOR_DEFINITIONS = (
					"DEBUG=1",
					"$(inherited)",
				);
				INFOPLIST_FILE = kuStudyTests/Info.plist;
				LD_RUNPATH_SEARCH_PATHS = "$(inherited) @executable_path/Frameworks @loader_path/Frameworks";
				PRODUCT_NAME = "$(TARGET_NAME)";
				TEST_HOST = "$(BUILT_PRODUCTS_DIR)/kuStudy.app/kuStudy";
			};
			name = Debug;
		};
		167245E31B19C0370083035F /* Release */ = {
			isa = XCBuildConfiguration;
			buildSettings = {
				BUNDLE_LOADER = "$(TEST_HOST)";
				FRAMEWORK_SEARCH_PATHS = (
					"$(SDKROOT)/Developer/Library/Frameworks",
					"$(inherited)",
				);
				INFOPLIST_FILE = kuStudyTests/Info.plist;
				LD_RUNPATH_SEARCH_PATHS = "$(inherited) @executable_path/Frameworks @loader_path/Frameworks";
				PRODUCT_NAME = "$(TARGET_NAME)";
				TEST_HOST = "$(BUILT_PRODUCTS_DIR)/kuStudy.app/kuStudy";
			};
			name = Release;
		};
		167246061B19C42C0083035F /* Debug */ = {
			isa = XCBuildConfiguration;
			baseConfigurationReference = D6A1D2BE9AFB6C1F599240B7 /* Pods.debug.xcconfig */;
			buildSettings = {
				CLANG_ENABLE_MODULES = YES;
				CODE_SIGN_IDENTITY = "iPhone Developer";
				CURRENT_PROJECT_VERSION = 1;
				DEFINES_MODULE = YES;
				DYLIB_COMPATIBILITY_VERSION = 1;
				DYLIB_CURRENT_VERSION = 1;
				DYLIB_INSTALL_NAME_BASE = "@rpath";
				GCC_PREPROCESSOR_DEFINITIONS = (
					"DEBUG=1",
					"$(inherited)",
				);
				INFOPLIST_FILE = kuStudyKit/Info.plist;
				INSTALL_PATH = "$(LOCAL_LIBRARY_DIR)/Frameworks";
				LD_RUNPATH_SEARCH_PATHS = "$(inherited) @executable_path/Frameworks @loader_path/Frameworks";
				PRODUCT_NAME = "$(TARGET_NAME)";
				SKIP_INSTALL = YES;
				SWIFT_OPTIMIZATION_LEVEL = "-Onone";
				TARGETED_DEVICE_FAMILY = "1,2";
				VERSIONING_SYSTEM = "apple-generic";
				VERSION_INFO_PREFIX = "";
			};
			name = Debug;
		};
		167246071B19C42C0083035F /* Release */ = {
			isa = XCBuildConfiguration;
			baseConfigurationReference = AEF2ACCF4EB222A033994B4C /* Pods.release.xcconfig */;
			buildSettings = {
				CLANG_ENABLE_MODULES = YES;
				CODE_SIGN_IDENTITY = "iPhone Developer";
				CURRENT_PROJECT_VERSION = 1;
				DEFINES_MODULE = YES;
				DYLIB_COMPATIBILITY_VERSION = 1;
				DYLIB_CURRENT_VERSION = 1;
				DYLIB_INSTALL_NAME_BASE = "@rpath";
				INFOPLIST_FILE = kuStudyKit/Info.plist;
				INSTALL_PATH = "$(LOCAL_LIBRARY_DIR)/Frameworks";
				LD_RUNPATH_SEARCH_PATHS = "$(inherited) @executable_path/Frameworks @loader_path/Frameworks";
				PRODUCT_NAME = "$(TARGET_NAME)";
				SKIP_INSTALL = YES;
				TARGETED_DEVICE_FAMILY = "1,2";
				VERSIONING_SYSTEM = "apple-generic";
				VERSION_INFO_PREFIX = "";
			};
			name = Release;
		};
		1672460A1B19C42C0083035F /* Debug */ = {
			isa = XCBuildConfiguration;
			buildSettings = {
				FRAMEWORK_SEARCH_PATHS = (
					"$(SDKROOT)/Developer/Library/Frameworks",
					"$(inherited)",
				);
				GCC_PREPROCESSOR_DEFINITIONS = (
					"DEBUG=1",
					"$(inherited)",
				);
				INFOPLIST_FILE = kuStudyKitTests/Info.plist;
				LD_RUNPATH_SEARCH_PATHS = "$(inherited) @executable_path/Frameworks @loader_path/Frameworks";
				PRODUCT_NAME = "$(TARGET_NAME)";
				TEST_HOST = "$(BUILT_PRODUCTS_DIR)/kuStudy.app/kuStudy";
			};
			name = Debug;
		};
		1672460B1B19C42C0083035F /* Release */ = {
			isa = XCBuildConfiguration;
			buildSettings = {
				FRAMEWORK_SEARCH_PATHS = (
					"$(SDKROOT)/Developer/Library/Frameworks",
					"$(inherited)",
				);
				INFOPLIST_FILE = kuStudyKitTests/Info.plist;
				LD_RUNPATH_SEARCH_PATHS = "$(inherited) @executable_path/Frameworks @loader_path/Frameworks";
				PRODUCT_NAME = "$(TARGET_NAME)";
				TEST_HOST = "$(BUILT_PRODUCTS_DIR)/kuStudy.app/kuStudy";
			};
			name = Release;
		};
/* End XCBuildConfiguration section */

/* Begin XCConfigurationList section */
		16136BF21B1C3F0800B3F744 /* Build configuration list for PBXNativeTarget "kuStudy WatchKit App" */ = {
			isa = XCConfigurationList;
			buildConfigurations = (
				16136BF01B1C3F0800B3F744 /* Debug */,
				16136BF11B1C3F0800B3F744 /* Release */,
			);
			defaultConfigurationIsVisible = 0;
		};
		16136BF31B1C3F0800B3F744 /* Build configuration list for PBXNativeTarget "kuStudy WatchKit Extension" */ = {
			isa = XCConfigurationList;
			buildConfigurations = (
				16136BEE1B1C3F0800B3F744 /* Debug */,
				16136BEF1B1C3F0800B3F744 /* Release */,
			);
			defaultConfigurationIsVisible = 0;
		};
		167245BA1B19C0370083035F /* Build configuration list for PBXProject "kuStudy" */ = {
			isa = XCConfigurationList;
			buildConfigurations = (
				167245DC1B19C0370083035F /* Debug */,
				167245DD1B19C0370083035F /* Release */,
			);
			defaultConfigurationIsVisible = 0;
			defaultConfigurationName = Release;
		};
		167245DE1B19C0370083035F /* Build configuration list for PBXNativeTarget "kuStudy" */ = {
			isa = XCConfigurationList;
			buildConfigurations = (
				167245DF1B19C0370083035F /* Debug */,
				167245E01B19C0370083035F /* Release */,
			);
			defaultConfigurationIsVisible = 0;
			defaultConfigurationName = Release;
		};
		167245E11B19C0370083035F /* Build configuration list for PBXNativeTarget "kuStudyTests" */ = {
			isa = XCConfigurationList;
			buildConfigurations = (
				167245E21B19C0370083035F /* Debug */,
				167245E31B19C0370083035F /* Release */,
			);
			defaultConfigurationIsVisible = 0;
			defaultConfigurationName = Release;
		};
		167246051B19C42C0083035F /* Build configuration list for PBXNativeTarget "kuStudyKit" */ = {
			isa = XCConfigurationList;
			buildConfigurations = (
				167246061B19C42C0083035F /* Debug */,
				167246071B19C42C0083035F /* Release */,
			);
			defaultConfigurationIsVisible = 0;
			defaultConfigurationName = Release;
		};
		167246091B19C42C0083035F /* Build configuration list for PBXNativeTarget "kuStudyKitTests" */ = {
			isa = XCConfigurationList;
			buildConfigurations = (
				1672460A1B19C42C0083035F /* Debug */,
				1672460B1B19C42C0083035F /* Release */,
			);
			defaultConfigurationIsVisible = 0;
			defaultConfigurationName = Release;
		};
/* End XCConfigurationList section */
	};
	rootObject = 167245B71B19C0370083035F /* Project object */;
}
