// !$*UTF8*$!
{
	archiveVersion = 1;
	classes = {
	};
	objectVersion = 46;
	objects = {

/* Begin PBXBuildFile section */
		0E2AFFE37DAF22A81EAC42CA /* Pods_kuStudyKit.framework in Frameworks */ = {isa = PBXBuildFile; fileRef = 64BB015E67428F23112BF503 /* Pods_kuStudyKit.framework */; };
		1600D6351B20408F008000B8 /* Summary.swift in Sources */ = {isa = PBXBuildFile; fileRef = 1600D6341B20408F008000B8 /* Summary.swift */; };
		1600D6371B2040A5008000B8 /* Library.swift in Sources */ = {isa = PBXBuildFile; fileRef = 1600D6361B2040A5008000B8 /* Library.swift */; };
		16136BD81B1C3F0700B3F744 /* InterfaceController.swift in Sources */ = {isa = PBXBuildFile; fileRef = 16136BD71B1C3F0700B3F744 /* InterfaceController.swift */; };
		16136BDA1B1C3F0700B3F744 /* GlanceController.swift in Sources */ = {isa = PBXBuildFile; fileRef = 16136BD91B1C3F0700B3F744 /* GlanceController.swift */; };
		16136BDC1B1C3F0700B3F744 /* Images.xcassets in Resources */ = {isa = PBXBuildFile; fileRef = 16136BDB1B1C3F0700B3F744 /* Images.xcassets */; };
		16136BE81B1C3F0800B3F744 /* Interface.storyboard in Resources */ = {isa = PBXBuildFile; fileRef = 16136BE61B1C3F0700B3F744 /* Interface.storyboard */; };
		16136BEA1B1C3F0800B3F744 /* Images.xcassets in Resources */ = {isa = PBXBuildFile; fileRef = 16136BE91B1C3F0800B3F744 /* Images.xcassets */; };
		16136BFC1B1C44BA00B3F744 /* Definitions.swift in Sources */ = {isa = PBXBuildFile; fileRef = 167246191B1B13610083035F /* Definitions.swift */; };
		16136C001B1C451100B3F744 /* LibraryCell.swift in Sources */ = {isa = PBXBuildFile; fileRef = 16136BFF1B1C451100B3F744 /* LibraryCell.swift */; };
		16251CAD1B232D650035F2D9 /* Definitions.swift in Sources */ = {isa = PBXBuildFile; fileRef = 167246191B1B13610083035F /* Definitions.swift */; };
		16538EA91C4F16820097A4F4 /* kuStudyWatchKit.h in Headers */ = {isa = PBXBuildFile; fileRef = 16538EA81C4F16820097A4F4 /* kuStudyWatchKit.h */; settings = {ATTRIBUTES = (Public, ); }; };
		16538EAD1C4F16820097A4F4 /* kuStudyWatchKit.framework in Frameworks */ = {isa = PBXBuildFile; fileRef = 16538EA61C4F16820097A4F4 /* kuStudyWatchKit.framework */; };
		16538EAE1C4F16830097A4F4 /* kuStudyWatchKit.framework in Embed Frameworks */ = {isa = PBXBuildFile; fileRef = 16538EA61C4F16820097A4F4 /* kuStudyWatchKit.framework */; settings = {ATTRIBUTES = (CodeSignOnCopy, RemoveHeadersOnCopy, ); }; };
		16538EB21C4F16DC0097A4F4 /* Summary.swift in Sources */ = {isa = PBXBuildFile; fileRef = 1600D6341B20408F008000B8 /* Summary.swift */; };
		16538EB31C4F16DC0097A4F4 /* Library.swift in Sources */ = {isa = PBXBuildFile; fileRef = 1600D6361B2040A5008000B8 /* Library.swift */; };
		16538EB51C4F16E20097A4F4 /* kuStudyAPI.swift in Sources */ = {isa = PBXBuildFile; fileRef = 167246111B1AB1C70083035F /* kuStudyAPI.swift */; };
		16538EB71C4F16E20097A4F4 /* Request.swift in Sources */ = {isa = PBXBuildFile; fileRef = 167246131B1AB1D80083035F /* Request.swift */; };
		16538EB81C4F16E40097A4F4 /* kuStudy.swift in Sources */ = {isa = PBXBuildFile; fileRef = 1672460F1B1AB1AD0083035F /* kuStudy.swift */; };
		16538EB91C4F17630097A4F4 /* Definitions.swift in Sources */ = {isa = PBXBuildFile; fileRef = 167246191B1B13610083035F /* Definitions.swift */; };
		167245C51B19C0370083035F /* AppDelegate.swift in Sources */ = {isa = PBXBuildFile; fileRef = 167245C41B19C0370083035F /* AppDelegate.swift */; };
		167245CA1B19C0370083035F /* Main.storyboard in Resources */ = {isa = PBXBuildFile; fileRef = 167245C81B19C0370083035F /* Main.storyboard */; };
		167245CC1B19C0370083035F /* Images.xcassets in Resources */ = {isa = PBXBuildFile; fileRef = 167245CB1B19C0370083035F /* Images.xcassets */; };
		167245CF1B19C0370083035F /* LaunchScreen.xib in Resources */ = {isa = PBXBuildFile; fileRef = 167245CD1B19C0370083035F /* LaunchScreen.xib */; };
		167245DB1B19C0370083035F /* kuStudyTests.swift in Sources */ = {isa = PBXBuildFile; fileRef = 167245DA1B19C0370083035F /* kuStudyTests.swift */; };
		167245F11B19C42B0083035F /* kuStudyKit.h in Headers */ = {isa = PBXBuildFile; fileRef = 167245F01B19C42B0083035F /* kuStudyKit.h */; settings = {ATTRIBUTES = (Public, ); }; };
		167245F71B19C42B0083035F /* kuStudyKit.framework in Frameworks */ = {isa = PBXBuildFile; fileRef = 167245EC1B19C42B0083035F /* kuStudyKit.framework */; };
		167246001B19C42B0083035F /* kuStudyKitTests.swift in Sources */ = {isa = PBXBuildFile; fileRef = 167245FF1B19C42B0083035F /* kuStudyKitTests.swift */; };
		167246031B19C42B0083035F /* kuStudyKit.framework in Frameworks */ = {isa = PBXBuildFile; fileRef = 167245EC1B19C42B0083035F /* kuStudyKit.framework */; };
		167246041B19C42B0083035F /* kuStudyKit.framework in Embed Frameworks */ = {isa = PBXBuildFile; fileRef = 167245EC1B19C42B0083035F /* kuStudyKit.framework */; settings = {ATTRIBUTES = (CodeSignOnCopy, RemoveHeadersOnCopy, ); }; };
		167246101B1AB1AD0083035F /* kuStudy.swift in Sources */ = {isa = PBXBuildFile; fileRef = 1672460F1B1AB1AD0083035F /* kuStudy.swift */; };
		167246121B1AB1C70083035F /* kuStudyAPI.swift in Sources */ = {isa = PBXBuildFile; fileRef = 167246111B1AB1C70083035F /* kuStudyAPI.swift */; };
		167246141B1AB1D80083035F /* Request.swift in Sources */ = {isa = PBXBuildFile; fileRef = 167246131B1AB1D80083035F /* Request.swift */; };
		1672461A1B1B13610083035F /* Definitions.swift in Sources */ = {isa = PBXBuildFile; fileRef = 167246191B1B13610083035F /* Definitions.swift */; };
		1672461B1B1B13610083035F /* Definitions.swift in Sources */ = {isa = PBXBuildFile; fileRef = 167246191B1B13610083035F /* Definitions.swift */; };
		1672461F1B1B44850083035F /* SummaryViewController.swift in Sources */ = {isa = PBXBuildFile; fileRef = 1672461E1B1B44850083035F /* SummaryViewController.swift */; };
		167246231B1B4BEC0083035F /* LibraryTableViewCell.swift in Sources */ = {isa = PBXBuildFile; fileRef = 167246221B1B4BEC0083035F /* LibraryTableViewCell.swift */; };
		167246251B1B4F0D0083035F /* ReadingRoomTableViewCell.swift in Sources */ = {isa = PBXBuildFile; fileRef = 167246241B1B4F0D0083035F /* ReadingRoomTableViewCell.swift */; };
		167246271B1B4F2C0083035F /* LibraryViewController.swift in Sources */ = {isa = PBXBuildFile; fileRef = 167246261B1B4F2C0083035F /* LibraryViewController.swift */; };
		1673304F1B1C92BF00573FFC /* DetailInterfaceController.swift in Sources */ = {isa = PBXBuildFile; fileRef = 1673304E1B1C92BF00573FFC /* DetailInterfaceController.swift */; };
		1676C3D21B2414A7001B3AB6 /* LibraryTableViewCell.swift in Sources */ = {isa = PBXBuildFile; fileRef = 1676C3D11B2414A7001B3AB6 /* LibraryTableViewCell.swift */; };
		1676C3D31B2418B8001B3AB6 /* MainInterface.storyboard in Resources */ = {isa = PBXBuildFile; fileRef = 1676C3D51B2418B8001B3AB6 /* MainInterface.storyboard */; };
		168841191B1EB58700F3C818 /* ReadingRoomCell.swift in Sources */ = {isa = PBXBuildFile; fileRef = 168841181B1EB58700F3C818 /* ReadingRoomCell.swift */; };
		1688C4171C4F6B790044D1EE /* Localizable.strings in Resources */ = {isa = PBXBuildFile; fileRef = 16A887351B21D1FF00C49551 /* Localizable.strings */; };
		16A887331B21D1FF00C49551 /* Localizable.strings in Resources */ = {isa = PBXBuildFile; fileRef = 16A887351B21D1FF00C49551 /* Localizable.strings */; };
		16A8873D1B21DD8A00C49551 /* Localizable.strings in Resources */ = {isa = PBXBuildFile; fileRef = 16A8873F1B21DD8A00C49551 /* Localizable.strings */; };
		16AD8F9B1C4E2BB9000D387F /* kuStudy WatchKit Extension.appex in Embed App Extensions */ = {isa = PBXBuildFile; fileRef = 16136BD31B1C3F0700B3F744 /* kuStudy WatchKit Extension.appex */; settings = {ATTRIBUTES = (RemoveHeadersOnCopy, ); }; };
		16AD8F9E1C4E2BB9000D387F /* kuStudy WatchKit App.app in Embed Watch Content */ = {isa = PBXBuildFile; fileRef = 16136BDF1B1C3F0700B3F744 /* kuStudy WatchKit App.app */; };
		16B453671B22A9A400A3B008 /* NotificationCenter.framework in Frameworks */ = {isa = PBXBuildFile; fileRef = 16B453661B22A9A400A3B008 /* NotificationCenter.framework */; };
		16B4536C1B22A9A400A3B008 /* TodayViewController.swift in Sources */ = {isa = PBXBuildFile; fileRef = 16B4536B1B22A9A400A3B008 /* TodayViewController.swift */; };
		16B453711B22A9A400A3B008 /* kuStudy Today Extension.appex in Embed App Extensions */ = {isa = PBXBuildFile; fileRef = 16B453651B22A9A400A3B008 /* kuStudy Today Extension.appex */; settings = {ATTRIBUTES = (RemoveHeadersOnCopy, ); }; };
		16BB42EE1B2C225900201DE2 /* Fabric.framework in Frameworks */ = {isa = PBXBuildFile; fileRef = 16BB42EC1B2C225900201DE2 /* Fabric.framework */; };
		16BB42EF1B2C225900201DE2 /* Crashlytics.framework in Frameworks */ = {isa = PBXBuildFile; fileRef = 16BB42ED1B2C225900201DE2 /* Crashlytics.framework */; };
		16BB431E1B2C277400201DE2 /* kuStudyKit.framework in Frameworks */ = {isa = PBXBuildFile; fileRef = 167245EC1B19C42B0083035F /* kuStudyKit.framework */; };
		16DB2DAE1C55D5770096AFB9 /* Extensions.swift in Sources */ = {isa = PBXBuildFile; fileRef = 16DB2DAD1C55D5770096AFB9 /* Extensions.swift */; };
		261F1EC8E533E04EA8AA4B47 /* Pods_kuStudy.framework in Frameworks */ = {isa = PBXBuildFile; fileRef = 9CCFF1E38394AEE6CAECBA40 /* Pods_kuStudy.framework */; };
		2DC7EC7FF3A11B2F0AC61727 /* Pods_kuStudy_WatchKit_Extension.framework in Frameworks */ = {isa = PBXBuildFile; fileRef = B1D25617AC94B0BD7864F0AC /* Pods_kuStudy_WatchKit_Extension.framework */; };
		AB1915D8A92517636A8F21D4 /* Pods_kuStudy_Today_Extension.framework in Frameworks */ = {isa = PBXBuildFile; fileRef = 7602CD2DFE062E7DEF6D3C42 /* Pods_kuStudy_Today_Extension.framework */; };
		DAF7084F0F27272380045139 /* Pods_kuStudyWatchKit.framework in Frameworks */ = {isa = PBXBuildFile; fileRef = 3D107D24B903859715ECBF2D /* Pods_kuStudyWatchKit.framework */; };
/* End PBXBuildFile section */

/* Begin PBXContainerItemProxy section */
		16538EAB1C4F16820097A4F4 /* PBXContainerItemProxy */ = {
			isa = PBXContainerItemProxy;
			containerPortal = 167245B71B19C0370083035F /* Project object */;
			proxyType = 1;
			remoteGlobalIDString = 16538EA51C4F16820097A4F4;
			remoteInfo = kuStudyWatchKit;
		};
		167245D51B19C0370083035F /* PBXContainerItemProxy */ = {
			isa = PBXContainerItemProxy;
			containerPortal = 167245B71B19C0370083035F /* Project object */;
			proxyType = 1;
			remoteGlobalIDString = 167245BE1B19C0370083035F;
			remoteInfo = kuStudy;
		};
		167245F81B19C42B0083035F /* PBXContainerItemProxy */ = {
			isa = PBXContainerItemProxy;
			containerPortal = 167245B71B19C0370083035F /* Project object */;
			proxyType = 1;
			remoteGlobalIDString = 167245EB1B19C42B0083035F;
			remoteInfo = kuStudyKit;
		};
		167245FA1B19C42B0083035F /* PBXContainerItemProxy */ = {
			isa = PBXContainerItemProxy;
			containerPortal = 167245B71B19C0370083035F /* Project object */;
			proxyType = 1;
			remoteGlobalIDString = 167245BE1B19C0370083035F;
			remoteInfo = kuStudy;
		};
		167246011B19C42B0083035F /* PBXContainerItemProxy */ = {
			isa = PBXContainerItemProxy;
			containerPortal = 167245B71B19C0370083035F /* Project object */;
			proxyType = 1;
			remoteGlobalIDString = 167245EB1B19C42B0083035F;
			remoteInfo = kuStudyKit;
		};
		16AD8F991C4E2BB9000D387F /* PBXContainerItemProxy */ = {
			isa = PBXContainerItemProxy;
			containerPortal = 167245B71B19C0370083035F /* Project object */;
			proxyType = 1;
			remoteGlobalIDString = 16136BD21B1C3F0700B3F744;
			remoteInfo = "kuStudy WatchKit Extension";
		};
		16AD8F9C1C4E2BB9000D387F /* PBXContainerItemProxy */ = {
			isa = PBXContainerItemProxy;
			containerPortal = 167245B71B19C0370083035F /* Project object */;
			proxyType = 1;
			remoteGlobalIDString = 16136BDE1B1C3F0700B3F744;
			remoteInfo = "kuStudy WatchKit App";
		};
		16B4536F1B22A9A400A3B008 /* PBXContainerItemProxy */ = {
			isa = PBXContainerItemProxy;
			containerPortal = 167245B71B19C0370083035F /* Project object */;
			proxyType = 1;
			remoteGlobalIDString = 16B453641B22A9A400A3B008;
			remoteInfo = "kuStudy Today Extension";
		};
/* End PBXContainerItemProxy section */

/* Begin PBXCopyFilesBuildPhase section */
		16136BF41B1C3F0800B3F744 /* Embed App Extensions */ = {
			isa = PBXCopyFilesBuildPhase;
			buildActionMask = 2147483647;
			dstPath = "";
			dstSubfolderSpec = 13;
			files = (
				16B453711B22A9A400A3B008 /* kuStudy Today Extension.appex in Embed App Extensions */,
			);
			name = "Embed App Extensions";
			runOnlyForDeploymentPostprocessing = 0;
		};
		167246081B19C42C0083035F /* Embed Frameworks */ = {
			isa = PBXCopyFilesBuildPhase;
			buildActionMask = 2147483647;
			dstPath = "";
			dstSubfolderSpec = 10;
			files = (
				167246041B19C42B0083035F /* kuStudyKit.framework in Embed Frameworks */,
			);
			name = "Embed Frameworks";
			runOnlyForDeploymentPostprocessing = 0;
		};
		16AD8F9F1C4E2BB9000D387F /* Embed App Extensions */ = {
			isa = PBXCopyFilesBuildPhase;
			buildActionMask = 2147483647;
			dstPath = "";
			dstSubfolderSpec = 13;
			files = (
				16AD8F9B1C4E2BB9000D387F /* kuStudy WatchKit Extension.appex in Embed App Extensions */,
			);
			name = "Embed App Extensions";
			runOnlyForDeploymentPostprocessing = 0;
		};
		16AD8FA01C4E2BB9000D387F /* Embed Watch Content */ = {
			isa = PBXCopyFilesBuildPhase;
			buildActionMask = 2147483647;
			dstPath = "$(CONTENTS_FOLDER_PATH)/Watch";
			dstSubfolderSpec = 16;
			files = (
				16AD8F9E1C4E2BB9000D387F /* kuStudy WatchKit App.app in Embed Watch Content */,
			);
			name = "Embed Watch Content";
			runOnlyForDeploymentPostprocessing = 0;
		};
		16AD8FB21C4E2C02000D387F /* Embed Frameworks */ = {
			isa = PBXCopyFilesBuildPhase;
			buildActionMask = 2147483647;
			dstPath = "";
			dstSubfolderSpec = 10;
			files = (
				16538EAE1C4F16830097A4F4 /* kuStudyWatchKit.framework in Embed Frameworks */,
			);
			name = "Embed Frameworks";
			runOnlyForDeploymentPostprocessing = 0;
		};
/* End PBXCopyFilesBuildPhase section */

/* Begin PBXFileReference section */
		110ECDEBC2E5D3458B9FF8D9 /* Pods-kuStudyWatchKit.release.xcconfig */ = {isa = PBXFileReference; includeInIndex = 1; lastKnownFileType = text.xcconfig; name = "Pods-kuStudyWatchKit.release.xcconfig"; path = "../Pods/Target Support Files/Pods-kuStudyWatchKit/Pods-kuStudyWatchKit.release.xcconfig"; sourceTree = "<group>"; };
		1600D6341B20408F008000B8 /* Summary.swift */ = {isa = PBXFileReference; fileEncoding = 4; lastKnownFileType = sourcecode.swift; path = Summary.swift; sourceTree = "<group>"; };
		1600D6361B2040A5008000B8 /* Library.swift */ = {isa = PBXFileReference; fileEncoding = 4; lastKnownFileType = sourcecode.swift; path = Library.swift; sourceTree = "<group>"; };
		16136BD31B1C3F0700B3F744 /* kuStudy WatchKit Extension.appex */ = {isa = PBXFileReference; explicitFileType = "wrapper.app-extension"; includeInIndex = 0; path = "kuStudy WatchKit Extension.appex"; sourceTree = BUILT_PRODUCTS_DIR; };
		16136BD61B1C3F0700B3F744 /* Info.plist */ = {isa = PBXFileReference; lastKnownFileType = text.plist.xml; path = Info.plist; sourceTree = "<group>"; };
		16136BD71B1C3F0700B3F744 /* InterfaceController.swift */ = {isa = PBXFileReference; lastKnownFileType = sourcecode.swift; path = InterfaceController.swift; sourceTree = "<group>"; };
		16136BD91B1C3F0700B3F744 /* GlanceController.swift */ = {isa = PBXFileReference; lastKnownFileType = sourcecode.swift; path = GlanceController.swift; sourceTree = "<group>"; };
		16136BDB1B1C3F0700B3F744 /* Images.xcassets */ = {isa = PBXFileReference; lastKnownFileType = folder.assetcatalog; path = Images.xcassets; sourceTree = "<group>"; };
		16136BDF1B1C3F0700B3F744 /* kuStudy WatchKit App.app */ = {isa = PBXFileReference; explicitFileType = wrapper.application; includeInIndex = 0; path = "kuStudy WatchKit App.app"; sourceTree = BUILT_PRODUCTS_DIR; };
		16136BE51B1C3F0700B3F744 /* Info.plist */ = {isa = PBXFileReference; lastKnownFileType = text.plist.xml; path = Info.plist; sourceTree = "<group>"; };
		16136BE71B1C3F0700B3F744 /* Base */ = {isa = PBXFileReference; lastKnownFileType = file.storyboard; name = Base; path = Base.lproj/Interface.storyboard; sourceTree = "<group>"; };
		16136BE91B1C3F0800B3F744 /* Images.xcassets */ = {isa = PBXFileReference; lastKnownFileType = folder.assetcatalog; path = Images.xcassets; sourceTree = "<group>"; };
		16136BF51B1C406800B3F744 /* kuStudy WatchKit Extension.entitlements */ = {isa = PBXFileReference; lastKnownFileType = text.xml; path = "kuStudy WatchKit Extension.entitlements"; sourceTree = "<group>"; };
		16136BFF1B1C451100B3F744 /* LibraryCell.swift */ = {isa = PBXFileReference; fileEncoding = 4; lastKnownFileType = sourcecode.swift; path = LibraryCell.swift; sourceTree = "<group>"; };
		16215F241B25CB33008075D8 /* ko */ = {isa = PBXFileReference; lastKnownFileType = text.plist.strings; name = ko; path = ko.lproj/Interface.strings; sourceTree = "<group>"; };
		16251CAC1B232C8F0035F2D9 /* kuStudy Today Extension.entitlements */ = {isa = PBXFileReference; lastKnownFileType = text.xml; path = "kuStudy Today Extension.entitlements"; sourceTree = "<group>"; };
		16538EA61C4F16820097A4F4 /* kuStudyWatchKit.framework */ = {isa = PBXFileReference; explicitFileType = wrapper.framework; includeInIndex = 0; path = kuStudyWatchKit.framework; sourceTree = BUILT_PRODUCTS_DIR; };
		16538EA81C4F16820097A4F4 /* kuStudyWatchKit.h */ = {isa = PBXFileReference; lastKnownFileType = sourcecode.c.h; path = kuStudyWatchKit.h; sourceTree = "<group>"; };
		16538EAA1C4F16820097A4F4 /* Info.plist */ = {isa = PBXFileReference; lastKnownFileType = text.plist.xml; path = Info.plist; sourceTree = "<group>"; };
		167245BF1B19C0370083035F /* kuStudy.app */ = {isa = PBXFileReference; explicitFileType = wrapper.application; includeInIndex = 0; path = kuStudy.app; sourceTree = BUILT_PRODUCTS_DIR; };
		167245C31B19C0370083035F /* Info.plist */ = {isa = PBXFileReference; lastKnownFileType = text.plist.xml; path = Info.plist; sourceTree = "<group>"; };
		167245C41B19C0370083035F /* AppDelegate.swift */ = {isa = PBXFileReference; lastKnownFileType = sourcecode.swift; path = AppDelegate.swift; sourceTree = "<group>"; };
		167245C91B19C0370083035F /* Base */ = {isa = PBXFileReference; lastKnownFileType = file.storyboard; name = Base; path = Base.lproj/Main.storyboard; sourceTree = "<group>"; };
		167245CB1B19C0370083035F /* Images.xcassets */ = {isa = PBXFileReference; lastKnownFileType = folder.assetcatalog; path = Images.xcassets; sourceTree = "<group>"; };
		167245CE1B19C0370083035F /* Base */ = {isa = PBXFileReference; lastKnownFileType = file.xib; name = Base; path = Base.lproj/LaunchScreen.xib; sourceTree = "<group>"; };
		167245D41B19C0370083035F /* kuStudyTests.xctest */ = {isa = PBXFileReference; explicitFileType = wrapper.cfbundle; includeInIndex = 0; path = kuStudyTests.xctest; sourceTree = BUILT_PRODUCTS_DIR; };
		167245D91B19C0370083035F /* Info.plist */ = {isa = PBXFileReference; lastKnownFileType = text.plist.xml; path = Info.plist; sourceTree = "<group>"; };
		167245DA1B19C0370083035F /* kuStudyTests.swift */ = {isa = PBXFileReference; lastKnownFileType = sourcecode.swift; path = kuStudyTests.swift; sourceTree = "<group>"; };
		167245EC1B19C42B0083035F /* kuStudyKit.framework */ = {isa = PBXFileReference; explicitFileType = wrapper.framework; includeInIndex = 0; path = kuStudyKit.framework; sourceTree = BUILT_PRODUCTS_DIR; };
		167245EF1B19C42B0083035F /* Info.plist */ = {isa = PBXFileReference; lastKnownFileType = text.plist.xml; path = Info.plist; sourceTree = "<group>"; };
		167245F01B19C42B0083035F /* kuStudyKit.h */ = {isa = PBXFileReference; lastKnownFileType = sourcecode.c.h; path = kuStudyKit.h; sourceTree = "<group>"; };
		167245F61B19C42B0083035F /* kuStudyKitTests.xctest */ = {isa = PBXFileReference; explicitFileType = wrapper.cfbundle; includeInIndex = 0; path = kuStudyKitTests.xctest; sourceTree = BUILT_PRODUCTS_DIR; };
		167245FE1B19C42B0083035F /* Info.plist */ = {isa = PBXFileReference; lastKnownFileType = text.plist.xml; path = Info.plist; sourceTree = "<group>"; };
		167245FF1B19C42B0083035F /* kuStudyKitTests.swift */ = {isa = PBXFileReference; lastKnownFileType = sourcecode.swift; path = kuStudyKitTests.swift; sourceTree = "<group>"; };
		1672460F1B1AB1AD0083035F /* kuStudy.swift */ = {isa = PBXFileReference; fileEncoding = 4; lastKnownFileType = sourcecode.swift; path = kuStudy.swift; sourceTree = "<group>"; };
		167246111B1AB1C70083035F /* kuStudyAPI.swift */ = {isa = PBXFileReference; fileEncoding = 4; lastKnownFileType = sourcecode.swift; path = kuStudyAPI.swift; sourceTree = "<group>"; };
		167246131B1AB1D80083035F /* Request.swift */ = {isa = PBXFileReference; fileEncoding = 4; lastKnownFileType = sourcecode.swift; path = Request.swift; sourceTree = "<group>"; };
		167246191B1B13610083035F /* Definitions.swift */ = {isa = PBXFileReference; fileEncoding = 4; lastKnownFileType = sourcecode.swift; path = Definitions.swift; sourceTree = "<group>"; };
		1672461C1B1B138B0083035F /* kuStudy.entitlements */ = {isa = PBXFileReference; lastKnownFileType = text.xml; path = kuStudy.entitlements; sourceTree = "<group>"; };
		1672461E1B1B44850083035F /* SummaryViewController.swift */ = {isa = PBXFileReference; fileEncoding = 4; lastKnownFileType = sourcecode.swift; name = SummaryViewController.swift; path = "view controller/SummaryViewController.swift"; sourceTree = "<group>"; };
		167246221B1B4BEC0083035F /* LibraryTableViewCell.swift */ = {isa = PBXFileReference; fileEncoding = 4; lastKnownFileType = sourcecode.swift; name = LibraryTableViewCell.swift; path = view/LibraryTableViewCell.swift; sourceTree = "<group>"; };
		167246241B1B4F0D0083035F /* ReadingRoomTableViewCell.swift */ = {isa = PBXFileReference; fileEncoding = 4; lastKnownFileType = sourcecode.swift; name = ReadingRoomTableViewCell.swift; path = view/ReadingRoomTableViewCell.swift; sourceTree = "<group>"; };
		167246261B1B4F2C0083035F /* LibraryViewController.swift */ = {isa = PBXFileReference; fileEncoding = 4; lastKnownFileType = sourcecode.swift; name = LibraryViewController.swift; path = "view controller/LibraryViewController.swift"; sourceTree = "<group>"; };
		1673304E1B1C92BF00573FFC /* DetailInterfaceController.swift */ = {isa = PBXFileReference; fileEncoding = 4; lastKnownFileType = sourcecode.swift; path = DetailInterfaceController.swift; sourceTree = "<group>"; };
		1676C3D11B2414A7001B3AB6 /* LibraryTableViewCell.swift */ = {isa = PBXFileReference; fileEncoding = 4; lastKnownFileType = sourcecode.swift; path = LibraryTableViewCell.swift; sourceTree = "<group>"; };
		1676C3D41B2418B8001B3AB6 /* Base */ = {isa = PBXFileReference; lastKnownFileType = file.storyboard; name = Base; path = Base.lproj/MainInterface.storyboard; sourceTree = "<group>"; };
		1676C3D71B2418BC001B3AB6 /* ko */ = {isa = PBXFileReference; lastKnownFileType = text.plist.strings; name = ko; path = ko.lproj/MainInterface.strings; sourceTree = "<group>"; };
		168841181B1EB58700F3C818 /* ReadingRoomCell.swift */ = {isa = PBXFileReference; fileEncoding = 4; lastKnownFileType = sourcecode.swift; path = ReadingRoomCell.swift; sourceTree = "<group>"; };
		16A887311B21D14800C49551 /* ko */ = {isa = PBXFileReference; lastKnownFileType = text.plist.strings; name = ko; path = ko.lproj/Main.strings; sourceTree = "<group>"; };
		16A887361B21D20500C49551 /* Base */ = {isa = PBXFileReference; lastKnownFileType = text.plist.strings; name = Base; path = Base.lproj/Localizable.strings; sourceTree = "<group>"; };
		16A887381B21D22500C49551 /* ko */ = {isa = PBXFileReference; lastKnownFileType = text.plist.strings; name = ko; path = ko.lproj/Localizable.strings; sourceTree = "<group>"; };
		16A887401B21DD8F00C49551 /* Base */ = {isa = PBXFileReference; lastKnownFileType = text.plist.strings; name = Base; path = Base.lproj/Localizable.strings; sourceTree = "<group>"; };
		16A887411B21DD9800C49551 /* ko */ = {isa = PBXFileReference; lastKnownFileType = text.plist.strings; name = ko; path = ko.lproj/Localizable.strings; sourceTree = "<group>"; };
		16B453651B22A9A400A3B008 /* kuStudy Today Extension.appex */ = {isa = PBXFileReference; explicitFileType = "wrapper.app-extension"; includeInIndex = 0; path = "kuStudy Today Extension.appex"; sourceTree = BUILT_PRODUCTS_DIR; };
		16B453661B22A9A400A3B008 /* NotificationCenter.framework */ = {isa = PBXFileReference; lastKnownFileType = wrapper.framework; name = NotificationCenter.framework; path = System/Library/Frameworks/NotificationCenter.framework; sourceTree = SDKROOT; };
		16B4536A1B22A9A400A3B008 /* Info.plist */ = {isa = PBXFileReference; lastKnownFileType = text.plist.xml; path = Info.plist; sourceTree = "<group>"; };
		16B4536B1B22A9A400A3B008 /* TodayViewController.swift */ = {isa = PBXFileReference; lastKnownFileType = sourcecode.swift; path = TodayViewController.swift; sourceTree = "<group>"; };
		16BB42EC1B2C225900201DE2 /* Fabric.framework */ = {isa = PBXFileReference; lastKnownFileType = wrapper.framework; path = Fabric.framework; sourceTree = SOURCE_ROOT; };
		16BB42ED1B2C225900201DE2 /* Crashlytics.framework */ = {isa = PBXFileReference; lastKnownFileType = wrapper.framework; path = Crashlytics.framework; sourceTree = SOURCE_ROOT; };
		16DB2DAD1C55D5770096AFB9 /* Extensions.swift */ = {isa = PBXFileReference; fileEncoding = 4; lastKnownFileType = sourcecode.swift; name = Extensions.swift; path = extension/Extensions.swift; sourceTree = "<group>"; };
		362BA89676AE1513B4F75865 /* Pods-kuStudy.debug.xcconfig */ = {isa = PBXFileReference; includeInIndex = 1; lastKnownFileType = text.xcconfig; name = "Pods-kuStudy.debug.xcconfig"; path = "../Pods/Target Support Files/Pods-kuStudy/Pods-kuStudy.debug.xcconfig"; sourceTree = "<group>"; };
		3D107D24B903859715ECBF2D /* Pods_kuStudyWatchKit.framework */ = {isa = PBXFileReference; explicitFileType = wrapper.framework; includeInIndex = 0; path = Pods_kuStudyWatchKit.framework; sourceTree = BUILT_PRODUCTS_DIR; };
		64BB015E67428F23112BF503 /* Pods_kuStudyKit.framework */ = {isa = PBXFileReference; explicitFileType = wrapper.framework; includeInIndex = 0; path = Pods_kuStudyKit.framework; sourceTree = BUILT_PRODUCTS_DIR; };
		65E0C8C79561A5D59EF7CC25 /* Pods-kuStudyWatchKit.debug.xcconfig */ = {isa = PBXFileReference; includeInIndex = 1; lastKnownFileType = text.xcconfig; name = "Pods-kuStudyWatchKit.debug.xcconfig"; path = "../Pods/Target Support Files/Pods-kuStudyWatchKit/Pods-kuStudyWatchKit.debug.xcconfig"; sourceTree = "<group>"; };
		6852E9C45BAB10E72A3AE3AD /* Pods-kuStudy Today Extension.release.xcconfig */ = {isa = PBXFileReference; includeInIndex = 1; lastKnownFileType = text.xcconfig; name = "Pods-kuStudy Today Extension.release.xcconfig"; path = "../Pods/Target Support Files/Pods-kuStudy Today Extension/Pods-kuStudy Today Extension.release.xcconfig"; sourceTree = "<group>"; };
		68E9D1B444C70F336A5AD067 /* Pods-kuStudyKit.debug.xcconfig */ = {isa = PBXFileReference; includeInIndex = 1; lastKnownFileType = text.xcconfig; name = "Pods-kuStudyKit.debug.xcconfig"; path = "../Pods/Target Support Files/Pods-kuStudyKit/Pods-kuStudyKit.debug.xcconfig"; sourceTree = "<group>"; };
		7602CD2DFE062E7DEF6D3C42 /* Pods_kuStudy_Today_Extension.framework */ = {isa = PBXFileReference; explicitFileType = wrapper.framework; includeInIndex = 0; path = Pods_kuStudy_Today_Extension.framework; sourceTree = BUILT_PRODUCTS_DIR; };
		91D4145A2666C9FAB9682490 /* Pods-kuStudyKit.release.xcconfig */ = {isa = PBXFileReference; includeInIndex = 1; lastKnownFileType = text.xcconfig; name = "Pods-kuStudyKit.release.xcconfig"; path = "../Pods/Target Support Files/Pods-kuStudyKit/Pods-kuStudyKit.release.xcconfig"; sourceTree = "<group>"; };
		9CCFF1E38394AEE6CAECBA40 /* Pods_kuStudy.framework */ = {isa = PBXFileReference; explicitFileType = wrapper.framework; includeInIndex = 0; path = Pods_kuStudy.framework; sourceTree = BUILT_PRODUCTS_DIR; };
		9D0F8F1A3C3B364DD3562EC8 /* Pods-kuStudy WatchKit Extension.release.xcconfig */ = {isa = PBXFileReference; includeInIndex = 1; lastKnownFileType = text.xcconfig; name = "Pods-kuStudy WatchKit Extension.release.xcconfig"; path = "../Pods/Target Support Files/Pods-kuStudy WatchKit Extension/Pods-kuStudy WatchKit Extension.release.xcconfig"; sourceTree = "<group>"; };
		A9990588EBB40EE8A25BB832 /* Pods-kuStudy Today Extension.debug.xcconfig */ = {isa = PBXFileReference; includeInIndex = 1; lastKnownFileType = text.xcconfig; name = "Pods-kuStudy Today Extension.debug.xcconfig"; path = "../Pods/Target Support Files/Pods-kuStudy Today Extension/Pods-kuStudy Today Extension.debug.xcconfig"; sourceTree = "<group>"; };
		B1D25617AC94B0BD7864F0AC /* Pods_kuStudy_WatchKit_Extension.framework */ = {isa = PBXFileReference; explicitFileType = wrapper.framework; includeInIndex = 0; path = Pods_kuStudy_WatchKit_Extension.framework; sourceTree = BUILT_PRODUCTS_DIR; };
		E6A57307F753466E1A22D599 /* Pods-kuStudy WatchKit Extension.debug.xcconfig */ = {isa = PBXFileReference; includeInIndex = 1; lastKnownFileType = text.xcconfig; name = "Pods-kuStudy WatchKit Extension.debug.xcconfig"; path = "../Pods/Target Support Files/Pods-kuStudy WatchKit Extension/Pods-kuStudy WatchKit Extension.debug.xcconfig"; sourceTree = "<group>"; };
		FD7AFB64F471A72084DA147D /* Pods-kuStudy.release.xcconfig */ = {isa = PBXFileReference; includeInIndex = 1; lastKnownFileType = text.xcconfig; name = "Pods-kuStudy.release.xcconfig"; path = "../Pods/Target Support Files/Pods-kuStudy/Pods-kuStudy.release.xcconfig"; sourceTree = "<group>"; };
/* End PBXFileReference section */

/* Begin PBXFrameworksBuildPhase section */
		16136BD01B1C3F0700B3F744 /* Frameworks */ = {
			isa = PBXFrameworksBuildPhase;
			buildActionMask = 2147483647;
			files = (
				2DC7EC7FF3A11B2F0AC61727 /* Pods_kuStudy_WatchKit_Extension.framework in Frameworks */,
				16538EAD1C4F16820097A4F4 /* kuStudyWatchKit.framework in Frameworks */,
			);
			runOnlyForDeploymentPostprocessing = 0;
		};
		16538EA21C4F16820097A4F4 /* Frameworks */ = {
			isa = PBXFrameworksBuildPhase;
			buildActionMask = 2147483647;
			files = (
				DAF7084F0F27272380045139 /* Pods_kuStudyWatchKit.framework in Frameworks */,
			);
			runOnlyForDeploymentPostprocessing = 0;
		};
		167245BC1B19C0370083035F /* Frameworks */ = {
			isa = PBXFrameworksBuildPhase;
			buildActionMask = 2147483647;
			files = (
				167246031B19C42B0083035F /* kuStudyKit.framework in Frameworks */,
				16BB42EF1B2C225900201DE2 /* Crashlytics.framework in Frameworks */,
				16BB42EE1B2C225900201DE2 /* Fabric.framework in Frameworks */,
				261F1EC8E533E04EA8AA4B47 /* Pods_kuStudy.framework in Frameworks */,
			);
			runOnlyForDeploymentPostprocessing = 0;
		};
		167245D11B19C0370083035F /* Frameworks */ = {
			isa = PBXFrameworksBuildPhase;
			buildActionMask = 2147483647;
			files = (
			);
			runOnlyForDeploymentPostprocessing = 0;
		};
		167245E81B19C42B0083035F /* Frameworks */ = {
			isa = PBXFrameworksBuildPhase;
			buildActionMask = 2147483647;
			files = (
				0E2AFFE37DAF22A81EAC42CA /* Pods_kuStudyKit.framework in Frameworks */,
			);
			runOnlyForDeploymentPostprocessing = 0;
		};
		167245F31B19C42B0083035F /* Frameworks */ = {
			isa = PBXFrameworksBuildPhase;
			buildActionMask = 2147483647;
			files = (
				167245F71B19C42B0083035F /* kuStudyKit.framework in Frameworks */,
			);
			runOnlyForDeploymentPostprocessing = 0;
		};
		16B453621B22A9A400A3B008 /* Frameworks */ = {
			isa = PBXFrameworksBuildPhase;
			buildActionMask = 2147483647;
			files = (
				16BB431E1B2C277400201DE2 /* kuStudyKit.framework in Frameworks */,
				16B453671B22A9A400A3B008 /* NotificationCenter.framework in Frameworks */,
				AB1915D8A92517636A8F21D4 /* Pods_kuStudy_Today_Extension.framework in Frameworks */,
			);
			runOnlyForDeploymentPostprocessing = 0;
		};
/* End PBXFrameworksBuildPhase section */

/* Begin PBXGroup section */
		1600D6311B204044008000B8 /* Request */ = {
			isa = PBXGroup;
			children = (
				167246111B1AB1C70083035F /* kuStudyAPI.swift */,
				167246131B1AB1D80083035F /* Request.swift */,
			);
			name = Request;
			sourceTree = "<group>";
		};
		1600D6331B204072008000B8 /* Model */ = {
			isa = PBXGroup;
			children = (
				1600D6341B20408F008000B8 /* Summary.swift */,
				1600D6361B2040A5008000B8 /* Library.swift */,
			);
			name = Model;
			sourceTree = "<group>";
		};
		16136BD41B1C3F0700B3F744 /* kuStudy WatchKit Extension */ = {
			isa = PBXGroup;
			children = (
				16136BF61B1C43DA00B3F744 /* Extension */,
				16136BFD1B1C44EF00B3F744 /* Application */,
				16136BFE1B1C44F400B3F744 /* Glance */,
				16136BF71B1C43E400B3F744 /* Resource */,
			);
			path = "kuStudy WatchKit Extension";
			sourceTree = "<group>";
		};
		16136BE31B1C3F0700B3F744 /* kuStudy WatchKit App */ = {
			isa = PBXGroup;
			children = (
				16136BF91B1C43FD00B3F744 /* Application */,
				16136BE61B1C3F0700B3F744 /* Interface.storyboard */,
				16136BFA1B1C440B00B3F744 /* Resource */,
			);
			path = "kuStudy WatchKit App";
			sourceTree = "<group>";
		};
		16136BF61B1C43DA00B3F744 /* Extension */ = {
			isa = PBXGroup;
			children = (
				16136BD61B1C3F0700B3F744 /* Info.plist */,
				16136BF51B1C406800B3F744 /* kuStudy WatchKit Extension.entitlements */,
			);
			name = Extension;
			sourceTree = "<group>";
		};
		16136BF71B1C43E400B3F744 /* Resource */ = {
			isa = PBXGroup;
			children = (
				16136BDB1B1C3F0700B3F744 /* Images.xcassets */,
				16A8873F1B21DD8A00C49551 /* Localizable.strings */,
			);
			name = Resource;
			sourceTree = "<group>";
		};
		16136BF91B1C43FD00B3F744 /* Application */ = {
			isa = PBXGroup;
			children = (
				16136BE51B1C3F0700B3F744 /* Info.plist */,
			);
			name = Application;
			sourceTree = "<group>";
		};
		16136BFA1B1C440B00B3F744 /* Resource */ = {
			isa = PBXGroup;
			children = (
				16136BE91B1C3F0800B3F744 /* Images.xcassets */,
			);
			name = Resource;
			sourceTree = "<group>";
		};
		16136BFD1B1C44EF00B3F744 /* Application */ = {
			isa = PBXGroup;
			children = (
				1673304C1B1C928300573FFC /* Main */,
				1673304D1B1C928A00573FFC /* Detail */,
			);
			name = Application;
			sourceTree = "<group>";
		};
		16136BFE1B1C44F400B3F744 /* Glance */ = {
			isa = PBXGroup;
			children = (
				16136BD91B1C3F0700B3F744 /* GlanceController.swift */,
			);
			name = Glance;
			sourceTree = "<group>";
		};
		16538EA71C4F16820097A4F4 /* kuStudyWatchKit */ = {
			isa = PBXGroup;
			children = (
				16538EA81C4F16820097A4F4 /* kuStudyWatchKit.h */,
				16538EAA1C4F16820097A4F4 /* Info.plist */,
			);
			path = kuStudyWatchKit;
			sourceTree = "<group>";
		};
		165F9C921B2199D400101EBE /* Resource */ = {
			isa = PBXGroup;
			children = (
				16A887351B21D1FF00C49551 /* Localizable.strings */,
			);
			name = Resource;
			sourceTree = "<group>";
		};
		167245B61B19C0370083035F = {
			isa = PBXGroup;
			children = (
				167246191B1B13610083035F /* Definitions.swift */,
				167245C11B19C0370083035F /* kuStudy */,
				167245ED1B19C42B0083035F /* kuStudyKit */,
				16538EA71C4F16820097A4F4 /* kuStudyWatchKit */,
				16B453681B22A9A400A3B008 /* kuStudy Today Extension */,
				16136BD41B1C3F0700B3F744 /* kuStudy WatchKit Extension */,
				16136BE31B1C3F0700B3F744 /* kuStudy WatchKit App */,
				167245D71B19C0370083035F /* kuStudyTests */,
				167245FC1B19C42B0083035F /* kuStudyKitTests */,
				167245C01B19C0370083035F /* Products */,
				6F6FBBD2472405AAB45773FC /* Frameworks */,
				BF39AF3A5805F896A115AEDB /* Pods */,
			);
			sourceTree = "<group>";
		};
		167245C01B19C0370083035F /* Products */ = {
			isa = PBXGroup;
			children = (
				167245BF1B19C0370083035F /* kuStudy.app */,
				167245D41B19C0370083035F /* kuStudyTests.xctest */,
				167245EC1B19C42B0083035F /* kuStudyKit.framework */,
				167245F61B19C42B0083035F /* kuStudyKitTests.xctest */,
				16136BD31B1C3F0700B3F744 /* kuStudy WatchKit Extension.appex */,
				16136BDF1B1C3F0700B3F744 /* kuStudy WatchKit App.app */,
				16B453651B22A9A400A3B008 /* kuStudy Today Extension.appex */,
				16538EA61C4F16820097A4F4 /* kuStudyWatchKit.framework */,
			);
			name = Products;
			sourceTree = "<group>";
		};
		167245C11B19C0370083035F /* kuStudy */ = {
			isa = PBXGroup;
			children = (
				167245E41B19C07B0083035F /* Application */,
				167245E61B19C0890083035F /* User Interface */,
				1672461D1B1B44630083035F /* View Controller */,
				16DB2DAC1C55D55D0096AFB9 /* Extension */,
				167245E51B19C0850083035F /* Resource */,
				16BB42EB1B2C224200201DE2 /* Vendor */,
			);
			path = kuStudy;
			sourceTree = "<group>";
		};
		167245D71B19C0370083035F /* kuStudyTests */ = {
			isa = PBXGroup;
			children = (
				167245DA1B19C0370083035F /* kuStudyTests.swift */,
				167245D81B19C0370083035F /* Supporting Files */,
			);
			path = kuStudyTests;
			sourceTree = "<group>";
		};
		167245D81B19C0370083035F /* Supporting Files */ = {
			isa = PBXGroup;
			children = (
				167245D91B19C0370083035F /* Info.plist */,
			);
			name = "Supporting Files";
			sourceTree = "<group>";
		};
		167245E41B19C07B0083035F /* Application */ = {
			isa = PBXGroup;
			children = (
				167245C41B19C0370083035F /* AppDelegate.swift */,
				167245C31B19C0370083035F /* Info.plist */,
				1672461C1B1B138B0083035F /* kuStudy.entitlements */,
			);
			name = Application;
			sourceTree = "<group>";
		};
		167245E51B19C0850083035F /* Resource */ = {
			isa = PBXGroup;
			children = (
				167245CB1B19C0370083035F /* Images.xcassets */,
			);
			name = Resource;
			sourceTree = "<group>";
		};
		167245E61B19C0890083035F /* User Interface */ = {
			isa = PBXGroup;
			children = (
				167245C81B19C0370083035F /* Main.storyboard */,
				167245CD1B19C0370083035F /* LaunchScreen.xib */,
			);
			name = "User Interface";
			sourceTree = "<group>";
		};
		167245ED1B19C42B0083035F /* kuStudyKit */ = {
			isa = PBXGroup;
			children = (
				1672460F1B1AB1AD0083035F /* kuStudy.swift */,
				1672460C1B19C43C0083035F /* Framework */,
				1600D6311B204044008000B8 /* Request */,
				1600D6331B204072008000B8 /* Model */,
				165F9C921B2199D400101EBE /* Resource */,
			);
			path = kuStudyKit;
			sourceTree = "<group>";
		};
		167245FC1B19C42B0083035F /* kuStudyKitTests */ = {
			isa = PBXGroup;
			children = (
				167245FF1B19C42B0083035F /* kuStudyKitTests.swift */,
				167245FD1B19C42B0083035F /* Supporting Files */,
			);
			path = kuStudyKitTests;
			sourceTree = "<group>";
		};
		167245FD1B19C42B0083035F /* Supporting Files */ = {
			isa = PBXGroup;
			children = (
				167245FE1B19C42B0083035F /* Info.plist */,
			);
			name = "Supporting Files";
			sourceTree = "<group>";
		};
		1672460C1B19C43C0083035F /* Framework */ = {
			isa = PBXGroup;
			children = (
				167245F01B19C42B0083035F /* kuStudyKit.h */,
				167245EF1B19C42B0083035F /* Info.plist */,
			);
			name = Framework;
			sourceTree = "<group>";
		};
		1672461D1B1B44630083035F /* View Controller */ = {
			isa = PBXGroup;
			children = (
				167246281B1BE9F30083035F /* Summary */,
				167246291B1BE9FA0083035F /* Library */,
			);
			name = "View Controller";
			sourceTree = "<group>";
		};
		167246281B1BE9F30083035F /* Summary */ = {
			isa = PBXGroup;
			children = (
				1672461E1B1B44850083035F /* SummaryViewController.swift */,
				167246221B1B4BEC0083035F /* LibraryTableViewCell.swift */,
			);
			name = Summary;
			sourceTree = "<group>";
		};
		167246291B1BE9FA0083035F /* Library */ = {
			isa = PBXGroup;
			children = (
				167246261B1B4F2C0083035F /* LibraryViewController.swift */,
				167246241B1B4F0D0083035F /* ReadingRoomTableViewCell.swift */,
			);
			name = Library;
			sourceTree = "<group>";
		};
		1673304C1B1C928300573FFC /* Main */ = {
			isa = PBXGroup;
			children = (
				16136BD71B1C3F0700B3F744 /* InterfaceController.swift */,
				16136BFF1B1C451100B3F744 /* LibraryCell.swift */,
			);
			name = Main;
			sourceTree = "<group>";
		};
		1673304D1B1C928A00573FFC /* Detail */ = {
			isa = PBXGroup;
			children = (
				1673304E1B1C92BF00573FFC /* DetailInterfaceController.swift */,
				168841181B1EB58700F3C818 /* ReadingRoomCell.swift */,
			);
			name = Detail;
			sourceTree = "<group>";
		};
		16B453681B22A9A400A3B008 /* kuStudy Today Extension */ = {
			isa = PBXGroup;
			children = (
				16B453751B22AFE500A3B008 /* Extension */,
				16B453761B22AFE900A3B008 /* User Interface */,
				16B453771B22AFEB00A3B008 /* View Controller */,
			);
			path = "kuStudy Today Extension";
			sourceTree = "<group>";
		};
		16B453751B22AFE500A3B008 /* Extension */ = {
			isa = PBXGroup;
			children = (
				16B4536A1B22A9A400A3B008 /* Info.plist */,
				16251CAC1B232C8F0035F2D9 /* kuStudy Today Extension.entitlements */,
			);
			name = Extension;
			sourceTree = "<group>";
		};
		16B453761B22AFE900A3B008 /* User Interface */ = {
			isa = PBXGroup;
			children = (
				1676C3D51B2418B8001B3AB6 /* MainInterface.storyboard */,
			);
			name = "User Interface";
			sourceTree = "<group>";
		};
		16B453771B22AFEB00A3B008 /* View Controller */ = {
			isa = PBXGroup;
			children = (
				16B4536B1B22A9A400A3B008 /* TodayViewController.swift */,
				1676C3D11B2414A7001B3AB6 /* LibraryTableViewCell.swift */,
			);
			name = "View Controller";
			sourceTree = "<group>";
		};
		16BB42EB1B2C224200201DE2 /* Vendor */ = {
			isa = PBXGroup;
			children = (
				16BB42EC1B2C225900201DE2 /* Fabric.framework */,
				16BB42ED1B2C225900201DE2 /* Crashlytics.framework */,
			);
			name = Vendor;
			sourceTree = "<group>";
		};
		16DB2DAC1C55D55D0096AFB9 /* Extension */ = {
			isa = PBXGroup;
			children = (
				16DB2DAD1C55D5770096AFB9 /* Extensions.swift */,
			);
			name = Extension;
			sourceTree = "<group>";
		};
		6F6FBBD2472405AAB45773FC /* Frameworks */ = {
			isa = PBXGroup;
			children = (
				16B453661B22A9A400A3B008 /* NotificationCenter.framework */,
				9CCFF1E38394AEE6CAECBA40 /* Pods_kuStudy.framework */,
				7602CD2DFE062E7DEF6D3C42 /* Pods_kuStudy_Today_Extension.framework */,
				B1D25617AC94B0BD7864F0AC /* Pods_kuStudy_WatchKit_Extension.framework */,
				64BB015E67428F23112BF503 /* Pods_kuStudyKit.framework */,
				3D107D24B903859715ECBF2D /* Pods_kuStudyWatchKit.framework */,
			);
			name = Frameworks;
			sourceTree = "<group>";
		};
		BF39AF3A5805F896A115AEDB /* Pods */ = {
			isa = PBXGroup;
			children = (
				362BA89676AE1513B4F75865 /* Pods-kuStudy.debug.xcconfig */,
				FD7AFB64F471A72084DA147D /* Pods-kuStudy.release.xcconfig */,
				A9990588EBB40EE8A25BB832 /* Pods-kuStudy Today Extension.debug.xcconfig */,
				6852E9C45BAB10E72A3AE3AD /* Pods-kuStudy Today Extension.release.xcconfig */,
				E6A57307F753466E1A22D599 /* Pods-kuStudy WatchKit Extension.debug.xcconfig */,
				9D0F8F1A3C3B364DD3562EC8 /* Pods-kuStudy WatchKit Extension.release.xcconfig */,
				68E9D1B444C70F336A5AD067 /* Pods-kuStudyKit.debug.xcconfig */,
				91D4145A2666C9FAB9682490 /* Pods-kuStudyKit.release.xcconfig */,
				65E0C8C79561A5D59EF7CC25 /* Pods-kuStudyWatchKit.debug.xcconfig */,
				110ECDEBC2E5D3458B9FF8D9 /* Pods-kuStudyWatchKit.release.xcconfig */,
			);
			name = Pods;
			sourceTree = "<group>";
		};
/* End PBXGroup section */

/* Begin PBXHeadersBuildPhase section */
		16538EA31C4F16820097A4F4 /* Headers */ = {
			isa = PBXHeadersBuildPhase;
			buildActionMask = 2147483647;
			files = (
				16538EA91C4F16820097A4F4 /* kuStudyWatchKit.h in Headers */,
			);
			runOnlyForDeploymentPostprocessing = 0;
		};
		167245E91B19C42B0083035F /* Headers */ = {
			isa = PBXHeadersBuildPhase;
			buildActionMask = 2147483647;
			files = (
				167245F11B19C42B0083035F /* kuStudyKit.h in Headers */,
			);
			runOnlyForDeploymentPostprocessing = 0;
		};
/* End PBXHeadersBuildPhase section */

/* Begin PBXNativeTarget section */
		16136BD21B1C3F0700B3F744 /* kuStudy WatchKit Extension */ = {
			isa = PBXNativeTarget;
			buildConfigurationList = 16136BF31B1C3F0800B3F744 /* Build configuration list for PBXNativeTarget "kuStudy WatchKit Extension" */;
			buildPhases = (
				16136BCF1B1C3F0700B3F744 /* Sources */,
				16136BD01B1C3F0700B3F744 /* Frameworks */,
				16136BD11B1C3F0700B3F744 /* Resources */,
				16AD8FB21C4E2C02000D387F /* Embed Frameworks */,
				45AB5BA9258D82A73EB7A19C /* Embed Pods Frameworks */,
			);
			buildRules = (
			);
			dependencies = (
				16538EAC1C4F16820097A4F4 /* PBXTargetDependency */,
			);
			name = "kuStudy WatchKit Extension";
			productName = "kuStudy WatchKit Extension";
			productReference = 16136BD31B1C3F0700B3F744 /* kuStudy WatchKit Extension.appex */;
			productType = "com.apple.product-type.watchkit2-extension";
		};
		16136BDE1B1C3F0700B3F744 /* kuStudy WatchKit App */ = {
			isa = PBXNativeTarget;
			buildConfigurationList = 16136BF21B1C3F0800B3F744 /* Build configuration list for PBXNativeTarget "kuStudy WatchKit App" */;
			buildPhases = (
				16136BDD1B1C3F0700B3F744 /* Resources */,
				16AD8F9F1C4E2BB9000D387F /* Embed App Extensions */,
			);
			buildRules = (
			);
			dependencies = (
				16AD8F9A1C4E2BB9000D387F /* PBXTargetDependency */,
			);
			name = "kuStudy WatchKit App";
			productName = "kuStudy WatchKit App";
			productReference = 16136BDF1B1C3F0700B3F744 /* kuStudy WatchKit App.app */;
			productType = "com.apple.product-type.application.watchapp2";
		};
		16538EA51C4F16820097A4F4 /* kuStudyWatchKit */ = {
			isa = PBXNativeTarget;
			buildConfigurationList = 16538EAF1C4F16830097A4F4 /* Build configuration list for PBXNativeTarget "kuStudyWatchKit" */;
			buildPhases = (
				57976B54892CEE5DDE90262E /* Check Pods Manifest.lock */,
				16538EA11C4F16820097A4F4 /* Sources */,
				16538EA21C4F16820097A4F4 /* Frameworks */,
				16538EA31C4F16820097A4F4 /* Headers */,
				16538EA41C4F16820097A4F4 /* Resources */,
				FADD380A74661D0D488E807A /* Copy Pods Resources */,
			);
			buildRules = (
			);
			dependencies = (
			);
			name = kuStudyWatchKit;
			productName = kuStudyWatchKit;
			productReference = 16538EA61C4F16820097A4F4 /* kuStudyWatchKit.framework */;
			productType = "com.apple.product-type.framework";
		};
		167245BE1B19C0370083035F /* kuStudy */ = {
			isa = PBXNativeTarget;
			buildConfigurationList = 167245DE1B19C0370083035F /* Build configuration list for PBXNativeTarget "kuStudy" */;
			buildPhases = (
				167245BB1B19C0370083035F /* Sources */,
				167245BC1B19C0370083035F /* Frameworks */,
				167245BD1B19C0370083035F /* Resources */,
				167246081B19C42C0083035F /* Embed Frameworks */,
				16136BF41B1C3F0800B3F744 /* Embed App Extensions */,
				16BB42EA1B2C221A00201DE2 /* Crashlytics Run Script */,
				16AD8FA01C4E2BB9000D387F /* Embed Watch Content */,
				DDD66D67E9D914BABA3BA0B7 /* Embed Pods Frameworks */,
			);
			buildRules = (
			);
			dependencies = (
				167246021B19C42B0083035F /* PBXTargetDependency */,
				16B453701B22A9A400A3B008 /* PBXTargetDependency */,
				16AD8F9D1C4E2BB9000D387F /* PBXTargetDependency */,
			);
			name = kuStudy;
			productName = kuStudy;
			productReference = 167245BF1B19C0370083035F /* kuStudy.app */;
			productType = "com.apple.product-type.application";
		};
		167245D31B19C0370083035F /* kuStudyTests */ = {
			isa = PBXNativeTarget;
			buildConfigurationList = 167245E11B19C0370083035F /* Build configuration list for PBXNativeTarget "kuStudyTests" */;
			buildPhases = (
				167245D01B19C0370083035F /* Sources */,
				167245D11B19C0370083035F /* Frameworks */,
				167245D21B19C0370083035F /* Resources */,
			);
			buildRules = (
			);
			dependencies = (
				167245D61B19C0370083035F /* PBXTargetDependency */,
			);
			name = kuStudyTests;
			productName = kuStudyTests;
			productReference = 167245D41B19C0370083035F /* kuStudyTests.xctest */;
			productType = "com.apple.product-type.bundle.unit-test";
		};
		167245EB1B19C42B0083035F /* kuStudyKit */ = {
			isa = PBXNativeTarget;
			buildConfigurationList = 167246051B19C42C0083035F /* Build configuration list for PBXNativeTarget "kuStudyKit" */;
			buildPhases = (
				08AFA26994E1095357CD4A3E /* Check Pods Manifest.lock */,
				167245E71B19C42B0083035F /* Sources */,
				167245E81B19C42B0083035F /* Frameworks */,
				167245E91B19C42B0083035F /* Headers */,
				167245EA1B19C42B0083035F /* Resources */,
				DDE52E4D644E709C79ED8B6E /* Copy Pods Resources */,
			);
			buildRules = (
			);
			dependencies = (
			);
			name = kuStudyKit;
			productName = kuStudyKit;
			productReference = 167245EC1B19C42B0083035F /* kuStudyKit.framework */;
			productType = "com.apple.product-type.framework";
		};
		167245F51B19C42B0083035F /* kuStudyKitTests */ = {
			isa = PBXNativeTarget;
			buildConfigurationList = 167246091B19C42C0083035F /* Build configuration list for PBXNativeTarget "kuStudyKitTests" */;
			buildPhases = (
				167245F21B19C42B0083035F /* Sources */,
				167245F31B19C42B0083035F /* Frameworks */,
				167245F41B19C42B0083035F /* Resources */,
			);
			buildRules = (
			);
			dependencies = (
				167245F91B19C42B0083035F /* PBXTargetDependency */,
				167245FB1B19C42B0083035F /* PBXTargetDependency */,
			);
			name = kuStudyKitTests;
			productName = kuStudyKitTests;
			productReference = 167245F61B19C42B0083035F /* kuStudyKitTests.xctest */;
			productType = "com.apple.product-type.bundle.unit-test";
		};
		16B453641B22A9A400A3B008 /* kuStudy Today Extension */ = {
			isa = PBXNativeTarget;
			buildConfigurationList = 16B453741B22A9A400A3B008 /* Build configuration list for PBXNativeTarget "kuStudy Today Extension" */;
			buildPhases = (
				16B453611B22A9A400A3B008 /* Sources */,
				16B453621B22A9A400A3B008 /* Frameworks */,
				16B453631B22A9A400A3B008 /* Resources */,
				B62C0FC46685E018A357B2F1 /* Embed Pods Frameworks */,
			);
			buildRules = (
			);
			dependencies = (
			);
			name = "kuStudy Today Extension";
			productName = "kuStudy Today Extension";
			productReference = 16B453651B22A9A400A3B008 /* kuStudy Today Extension.appex */;
			productType = "com.apple.product-type.app-extension";
		};
/* End PBXNativeTarget section */

/* Begin PBXProject section */
		167245B71B19C0370083035F /* Project object */ = {
			isa = PBXProject;
			attributes = {
				LastSwiftUpdateCheck = 0720;
				LastUpgradeCheck = 0720;
				ORGANIZATIONNAME = gbmKSquare;
				TargetAttributes = {
					16136BD21B1C3F0700B3F744 = {
						CreatedOnToolsVersion = 6.3.2;
						DevelopmentTeam = 3ZTVE7CS5L;
						SystemCapabilities = {
							com.apple.ApplicationGroups.iOS = {
								enabled = 1;
							};
							com.apple.Keychain = {
								enabled = 1;
							};
						};
					};
					16136BDE1B1C3F0700B3F744 = {
						CreatedOnToolsVersion = 6.3.2;
						DevelopmentTeam = 3ZTVE7CS5L;
					};
					16538EA51C4F16820097A4F4 = {
						CreatedOnToolsVersion = 7.2;
						DevelopmentTeam = 3ZTVE7CS5L;
					};
					167245BE1B19C0370083035F = {
						CreatedOnToolsVersion = 6.3.2;
						DevelopmentTeam = 3ZTVE7CS5L;
						SystemCapabilities = {
							com.apple.ApplicationGroups.iOS = {
								enabled = 1;
							};
							com.apple.Keychain = {
								enabled = 1;
							};
						};
					};
					167245D31B19C0370083035F = {
						CreatedOnToolsVersion = 6.3.2;
						TestTargetID = 167245BE1B19C0370083035F;
					};
					167245EB1B19C42B0083035F = {
						CreatedOnToolsVersion = 6.3.2;
						DevelopmentTeam = 3ZTVE7CS5L;
					};
					167245F51B19C42B0083035F = {
						CreatedOnToolsVersion = 6.3.2;
						TestTargetID = 167245BE1B19C0370083035F;
					};
					16B453641B22A9A400A3B008 = {
						CreatedOnToolsVersion = 6.3.2;
						DevelopmentTeam = 3ZTVE7CS5L;
						SystemCapabilities = {
							com.apple.ApplicationGroups.iOS = {
								enabled = 1;
							};
							com.apple.Keychain = {
								enabled = 1;
							};
						};
					};
				};
			};
			buildConfigurationList = 167245BA1B19C0370083035F /* Build configuration list for PBXProject "kuStudy" */;
			compatibilityVersion = "Xcode 3.2";
			developmentRegion = English;
			hasScannedForEncodings = 0;
			knownRegions = (
				en,
				Base,
				ko,
			);
			mainGroup = 167245B61B19C0370083035F;
			productRefGroup = 167245C01B19C0370083035F /* Products */;
			projectDirPath = "";
			projectRoot = "";
			targets = (
				167245BE1B19C0370083035F /* kuStudy */,
				167245EB1B19C42B0083035F /* kuStudyKit */,
				16538EA51C4F16820097A4F4 /* kuStudyWatchKit */,
				16B453641B22A9A400A3B008 /* kuStudy Today Extension */,
				16136BD21B1C3F0700B3F744 /* kuStudy WatchKit Extension */,
				16136BDE1B1C3F0700B3F744 /* kuStudy WatchKit App */,
				167245D31B19C0370083035F /* kuStudyTests */,
				167245F51B19C42B0083035F /* kuStudyKitTests */,
			);
		};
/* End PBXProject section */

/* Begin PBXResourcesBuildPhase section */
		16136BD11B1C3F0700B3F744 /* Resources */ = {
			isa = PBXResourcesBuildPhase;
			buildActionMask = 2147483647;
			files = (
				16A8873D1B21DD8A00C49551 /* Localizable.strings in Resources */,
				16136BDC1B1C3F0700B3F744 /* Images.xcassets in Resources */,
			);
			runOnlyForDeploymentPostprocessing = 0;
		};
		16136BDD1B1C3F0700B3F744 /* Resources */ = {
			isa = PBXResourcesBuildPhase;
			buildActionMask = 2147483647;
			files = (
				16136BE81B1C3F0800B3F744 /* Interface.storyboard in Resources */,
				16136BEA1B1C3F0800B3F744 /* Images.xcassets in Resources */,
			);
			runOnlyForDeploymentPostprocessing = 0;
		};
		16538EA41C4F16820097A4F4 /* Resources */ = {
			isa = PBXResourcesBuildPhase;
			buildActionMask = 2147483647;
			files = (
				1688C4171C4F6B790044D1EE /* Localizable.strings in Resources */,
			);
			runOnlyForDeploymentPostprocessing = 0;
		};
		167245BD1B19C0370083035F /* Resources */ = {
			isa = PBXResourcesBuildPhase;
			buildActionMask = 2147483647;
			files = (
				167245CA1B19C0370083035F /* Main.storyboard in Resources */,
				167245CF1B19C0370083035F /* LaunchScreen.xib in Resources */,
				167245CC1B19C0370083035F /* Images.xcassets in Resources */,
			);
			runOnlyForDeploymentPostprocessing = 0;
		};
		167245D21B19C0370083035F /* Resources */ = {
			isa = PBXResourcesBuildPhase;
			buildActionMask = 2147483647;
			files = (
			);
			runOnlyForDeploymentPostprocessing = 0;
		};
		167245EA1B19C42B0083035F /* Resources */ = {
			isa = PBXResourcesBuildPhase;
			buildActionMask = 2147483647;
			files = (
				16A887331B21D1FF00C49551 /* Localizable.strings in Resources */,
			);
			runOnlyForDeploymentPostprocessing = 0;
		};
		167245F41B19C42B0083035F /* Resources */ = {
			isa = PBXResourcesBuildPhase;
			buildActionMask = 2147483647;
			files = (
			);
			runOnlyForDeploymentPostprocessing = 0;
		};
		16B453631B22A9A400A3B008 /* Resources */ = {
			isa = PBXResourcesBuildPhase;
			buildActionMask = 2147483647;
			files = (
				1676C3D31B2418B8001B3AB6 /* MainInterface.storyboard in Resources */,
			);
			runOnlyForDeploymentPostprocessing = 0;
		};
/* End PBXResourcesBuildPhase section */

/* Begin PBXShellScriptBuildPhase section */
		08AFA26994E1095357CD4A3E /* Check Pods Manifest.lock */ = {
			isa = PBXShellScriptBuildPhase;
			buildActionMask = 2147483647;
			files = (
			);
			inputPaths = (
			);
			name = "Check Pods Manifest.lock";
			outputPaths = (
			);
			runOnlyForDeploymentPostprocessing = 0;
			shellPath = /bin/sh;
			shellScript = "diff \"${PODS_ROOT}/../Podfile.lock\" \"${PODS_ROOT}/Manifest.lock\" > /dev/null\nif [[ $? != 0 ]] ; then\n    cat << EOM\nerror: The sandbox is not in sync with the Podfile.lock. Run 'pod install' or update your CocoaPods installation.\nEOM\n    exit 1\nfi\n";
			showEnvVarsInLog = 0;
		};
		16BB42EA1B2C221A00201DE2 /* Crashlytics Run Script */ = {
			isa = PBXShellScriptBuildPhase;
			buildActionMask = 2147483647;
			files = (
			);
			inputPaths = (
			);
			name = "Crashlytics Run Script";
			outputPaths = (
			);
			runOnlyForDeploymentPostprocessing = 0;
			shellPath = /bin/sh;
			shellScript = "./Fabric.framework/run 368b3fbe6cc8c500211cc2a4d998565f8db0fc45 0eb40729d4a93dfda5830f6c0f43ab99b62ab764b97601ca7dd9f36c9bb528a7";
		};
		45AB5BA9258D82A73EB7A19C /* Embed Pods Frameworks */ = {
			isa = PBXShellScriptBuildPhase;
			buildActionMask = 2147483647;
			files = (
			);
			inputPaths = (
			);
			name = "Embed Pods Frameworks";
			outputPaths = (
			);
			runOnlyForDeploymentPostprocessing = 0;
			shellPath = /bin/sh;
			shellScript = "\"${SRCROOT}/../Pods/Target Support Files/Pods-kuStudy WatchKit Extension/Pods-kuStudy WatchKit Extension-frameworks.sh\"\n";
			showEnvVarsInLog = 0;
		};
		57976B54892CEE5DDE90262E /* Check Pods Manifest.lock */ = {
			isa = PBXShellScriptBuildPhase;
			buildActionMask = 2147483647;
			files = (
			);
			inputPaths = (
			);
			name = "Check Pods Manifest.lock";
			outputPaths = (
			);
			runOnlyForDeploymentPostprocessing = 0;
			shellPath = /bin/sh;
			shellScript = "diff \"${PODS_ROOT}/../Podfile.lock\" \"${PODS_ROOT}/Manifest.lock\" > /dev/null\nif [[ $? != 0 ]] ; then\n    cat << EOM\nerror: The sandbox is not in sync with the Podfile.lock. Run 'pod install' or update your CocoaPods installation.\nEOM\n    exit 1\nfi\n";
			showEnvVarsInLog = 0;
		};
		B62C0FC46685E018A357B2F1 /* Embed Pods Frameworks */ = {
			isa = PBXShellScriptBuildPhase;
			buildActionMask = 2147483647;
			files = (
			);
			inputPaths = (
			);
			name = "Embed Pods Frameworks";
			outputPaths = (
			);
			runOnlyForDeploymentPostprocessing = 0;
			shellPath = /bin/sh;
			shellScript = "\"${SRCROOT}/../Pods/Target Support Files/Pods-kuStudy Today Extension/Pods-kuStudy Today Extension-frameworks.sh\"\n";
			showEnvVarsInLog = 0;
		};
		DDD66D67E9D914BABA3BA0B7 /* Embed Pods Frameworks */ = {
			isa = PBXShellScriptBuildPhase;
			buildActionMask = 2147483647;
			files = (
			);
			inputPaths = (
			);
			name = "Embed Pods Frameworks";
			outputPaths = (
			);
			runOnlyForDeploymentPostprocessing = 0;
			shellPath = /bin/sh;
			shellScript = "\"${SRCROOT}/../Pods/Target Support Files/Pods-kuStudy/Pods-kuStudy-frameworks.sh\"\n";
			showEnvVarsInLog = 0;
		};
		DDE52E4D644E709C79ED8B6E /* Copy Pods Resources */ = {
			isa = PBXShellScriptBuildPhase;
			buildActionMask = 2147483647;
			files = (
			);
			inputPaths = (
			);
			name = "Copy Pods Resources";
			outputPaths = (
			);
			runOnlyForDeploymentPostprocessing = 0;
			shellPath = /bin/sh;
			shellScript = "\"${SRCROOT}/../Pods/Target Support Files/Pods-kuStudyKit/Pods-kuStudyKit-resources.sh\"\n";
			showEnvVarsInLog = 0;
		};
		FADD380A74661D0D488E807A /* Copy Pods Resources */ = {
			isa = PBXShellScriptBuildPhase;
			buildActionMask = 2147483647;
			files = (
			);
			inputPaths = (
			);
			name = "Copy Pods Resources";
			outputPaths = (
			);
			runOnlyForDeploymentPostprocessing = 0;
			shellPath = /bin/sh;
			shellScript = "\"${SRCROOT}/../Pods/Target Support Files/Pods-kuStudyWatchKit/Pods-kuStudyWatchKit-resources.sh\"\n";
			showEnvVarsInLog = 0;
		};
/* End PBXShellScriptBuildPhase section */

/* Begin PBXSourcesBuildPhase section */
		16136BCF1B1C3F0700B3F744 /* Sources */ = {
			isa = PBXSourcesBuildPhase;
			buildActionMask = 2147483647;
			files = (
				1673304F1B1C92BF00573FFC /* DetailInterfaceController.swift in Sources */,
				16136BD81B1C3F0700B3F744 /* InterfaceController.swift in Sources */,
				16136C001B1C451100B3F744 /* LibraryCell.swift in Sources */,
				16136BFC1B1C44BA00B3F744 /* Definitions.swift in Sources */,
				168841191B1EB58700F3C818 /* ReadingRoomCell.swift in Sources */,
				16136BDA1B1C3F0700B3F744 /* GlanceController.swift in Sources */,
			);
			runOnlyForDeploymentPostprocessing = 0;
		};
		16538EA11C4F16820097A4F4 /* Sources */ = {
			isa = PBXSourcesBuildPhase;
			buildActionMask = 2147483647;
			files = (
				16538EB91C4F17630097A4F4 /* Definitions.swift in Sources */,
				16538EB71C4F16E20097A4F4 /* Request.swift in Sources */,
				16538EB21C4F16DC0097A4F4 /* Summary.swift in Sources */,
				16538EB51C4F16E20097A4F4 /* kuStudyAPI.swift in Sources */,
				16538EB31C4F16DC0097A4F4 /* Library.swift in Sources */,
				16538EB81C4F16E40097A4F4 /* kuStudy.swift in Sources */,
			);
			runOnlyForDeploymentPostprocessing = 0;
		};
		167245BB1B19C0370083035F /* Sources */ = {
			isa = PBXSourcesBuildPhase;
			buildActionMask = 2147483647;
			files = (
				1672461A1B1B13610083035F /* Definitions.swift in Sources */,
				167246231B1B4BEC0083035F /* LibraryTableViewCell.swift in Sources */,
				167245C51B19C0370083035F /* AppDelegate.swift in Sources */,
				167246251B1B4F0D0083035F /* ReadingRoomTableViewCell.swift in Sources */,
				167246271B1B4F2C0083035F /* LibraryViewController.swift in Sources */,
				1672461F1B1B44850083035F /* SummaryViewController.swift in Sources */,
				16DB2DAE1C55D5770096AFB9 /* Extensions.swift in Sources */,
			);
			runOnlyForDeploymentPostprocessing = 0;
		};
		167245D01B19C0370083035F /* Sources */ = {
			isa = PBXSourcesBuildPhase;
			buildActionMask = 2147483647;
			files = (
				167245DB1B19C0370083035F /* kuStudyTests.swift in Sources */,
			);
			runOnlyForDeploymentPostprocessing = 0;
		};
		167245E71B19C42B0083035F /* Sources */ = {
			isa = PBXSourcesBuildPhase;
			buildActionMask = 2147483647;
			files = (
				167246121B1AB1C70083035F /* kuStudyAPI.swift in Sources */,
				167246141B1AB1D80083035F /* Request.swift in Sources */,
				1672461B1B1B13610083035F /* Definitions.swift in Sources */,
				1600D6351B20408F008000B8 /* Summary.swift in Sources */,
				167246101B1AB1AD0083035F /* kuStudy.swift in Sources */,
				1600D6371B2040A5008000B8 /* Library.swift in Sources */,
			);
			runOnlyForDeploymentPostprocessing = 0;
		};
		167245F21B19C42B0083035F /* Sources */ = {
			isa = PBXSourcesBuildPhase;
			buildActionMask = 2147483647;
			files = (
				167246001B19C42B0083035F /* kuStudyKitTests.swift in Sources */,
			);
			runOnlyForDeploymentPostprocessing = 0;
		};
		16B453611B22A9A400A3B008 /* Sources */ = {
			isa = PBXSourcesBuildPhase;
			buildActionMask = 2147483647;
			files = (
				16251CAD1B232D650035F2D9 /* Definitions.swift in Sources */,
				16B4536C1B22A9A400A3B008 /* TodayViewController.swift in Sources */,
				1676C3D21B2414A7001B3AB6 /* LibraryTableViewCell.swift in Sources */,
			);
			runOnlyForDeploymentPostprocessing = 0;
		};
/* End PBXSourcesBuildPhase section */

/* Begin PBXTargetDependency section */
		16538EAC1C4F16820097A4F4 /* PBXTargetDependency */ = {
			isa = PBXTargetDependency;
			target = 16538EA51C4F16820097A4F4 /* kuStudyWatchKit */;
			targetProxy = 16538EAB1C4F16820097A4F4 /* PBXContainerItemProxy */;
		};
		167245D61B19C0370083035F /* PBXTargetDependency */ = {
			isa = PBXTargetDependency;
			target = 167245BE1B19C0370083035F /* kuStudy */;
			targetProxy = 167245D51B19C0370083035F /* PBXContainerItemProxy */;
		};
		167245F91B19C42B0083035F /* PBXTargetDependency */ = {
			isa = PBXTargetDependency;
			target = 167245EB1B19C42B0083035F /* kuStudyKit */;
			targetProxy = 167245F81B19C42B0083035F /* PBXContainerItemProxy */;
		};
		167245FB1B19C42B0083035F /* PBXTargetDependency */ = {
			isa = PBXTargetDependency;
			target = 167245BE1B19C0370083035F /* kuStudy */;
			targetProxy = 167245FA1B19C42B0083035F /* PBXContainerItemProxy */;
		};
		167246021B19C42B0083035F /* PBXTargetDependency */ = {
			isa = PBXTargetDependency;
			target = 167245EB1B19C42B0083035F /* kuStudyKit */;
			targetProxy = 167246011B19C42B0083035F /* PBXContainerItemProxy */;
		};
		16AD8F9A1C4E2BB9000D387F /* PBXTargetDependency */ = {
			isa = PBXTargetDependency;
			target = 16136BD21B1C3F0700B3F744 /* kuStudy WatchKit Extension */;
			targetProxy = 16AD8F991C4E2BB9000D387F /* PBXContainerItemProxy */;
		};
		16AD8F9D1C4E2BB9000D387F /* PBXTargetDependency */ = {
			isa = PBXTargetDependency;
			target = 16136BDE1B1C3F0700B3F744 /* kuStudy WatchKit App */;
			targetProxy = 16AD8F9C1C4E2BB9000D387F /* PBXContainerItemProxy */;
		};
		16B453701B22A9A400A3B008 /* PBXTargetDependency */ = {
			isa = PBXTargetDependency;
			target = 16B453641B22A9A400A3B008 /* kuStudy Today Extension */;
			targetProxy = 16B4536F1B22A9A400A3B008 /* PBXContainerItemProxy */;
		};
/* End PBXTargetDependency section */

/* Begin PBXVariantGroup section */
		16136BE61B1C3F0700B3F744 /* Interface.storyboard */ = {
			isa = PBXVariantGroup;
			children = (
				16136BE71B1C3F0700B3F744 /* Base */,
				16215F241B25CB33008075D8 /* ko */,
			);
			name = Interface.storyboard;
			sourceTree = "<group>";
		};
		167245C81B19C0370083035F /* Main.storyboard */ = {
			isa = PBXVariantGroup;
			children = (
				167245C91B19C0370083035F /* Base */,
				16A887311B21D14800C49551 /* ko */,
			);
			name = Main.storyboard;
			sourceTree = "<group>";
		};
		167245CD1B19C0370083035F /* LaunchScreen.xib */ = {
			isa = PBXVariantGroup;
			children = (
				167245CE1B19C0370083035F /* Base */,
			);
			name = LaunchScreen.xib;
			sourceTree = "<group>";
		};
		1676C3D51B2418B8001B3AB6 /* MainInterface.storyboard */ = {
			isa = PBXVariantGroup;
			children = (
				1676C3D41B2418B8001B3AB6 /* Base */,
				1676C3D71B2418BC001B3AB6 /* ko */,
			);
			name = MainInterface.storyboard;
			sourceTree = "<group>";
		};
		16A887351B21D1FF00C49551 /* Localizable.strings */ = {
			isa = PBXVariantGroup;
			children = (
				16A887361B21D20500C49551 /* Base */,
				16A887381B21D22500C49551 /* ko */,
			);
			name = Localizable.strings;
			sourceTree = "<group>";
		};
		16A8873F1B21DD8A00C49551 /* Localizable.strings */ = {
			isa = PBXVariantGroup;
			children = (
				16A887401B21DD8F00C49551 /* Base */,
				16A887411B21DD9800C49551 /* ko */,
			);
			name = Localizable.strings;
			sourceTree = "<group>";
		};
/* End PBXVariantGroup section */

/* Begin XCBuildConfiguration section */
		16136BEE1B1C3F0800B3F744 /* Debug */ = {
			isa = XCBuildConfiguration;
			baseConfigurationReference = E6A57307F753466E1A22D599 /* Pods-kuStudy WatchKit Extension.debug.xcconfig */;
			buildSettings = {
				CODE_SIGN_ENTITLEMENTS = "kuStudy WatchKit Extension/kuStudy WatchKit Extension.entitlements";
				CODE_SIGN_IDENTITY = "iPhone Developer";
				"CODE_SIGN_IDENTITY[sdk=iphoneos*]" = "iPhone Developer: BUMMO KOO (MTTAM6ZCV2)";
				"CODE_SIGN_IDENTITY[sdk=watchos*]" = "iPhone Developer";
				EMBEDDED_CONTENT_CONTAINS_SWIFT = YES;
				FRAMEWORK_SEARCH_PATHS = (
					"$(PROJECT_DIR)",
					"$(inherited)",
				);
				GCC_PREPROCESSOR_DEFINITIONS = (
					"DEBUG=1",
					"$(inherited)",
				);
				INFOPLIST_FILE = "kuStudy WatchKit Extension/Info.plist";
				LD_RUNPATH_SEARCH_PATHS = "$(inherited) @executable_path/Frameworks @executable_path/../../Frameworks";
				PRODUCT_BUNDLE_IDENTIFIER = com.gbmksquare.kuapps.kuStudy.watchkitapp.watchkitextension;
				PRODUCT_NAME = "${TARGET_NAME}";
				PROVISIONING_PROFILE = "";
				SDKROOT = watchos;
				SKIP_INSTALL = YES;
				TARGETED_DEVICE_FAMILY = 4;
				WATCHOS_DEPLOYMENT_TARGET = 2.1;
			};
			name = Debug;
		};
		16136BEF1B1C3F0800B3F744 /* Release */ = {
			isa = XCBuildConfiguration;
			baseConfigurationReference = 9D0F8F1A3C3B364DD3562EC8 /* Pods-kuStudy WatchKit Extension.release.xcconfig */;
			buildSettings = {
				CODE_SIGN_ENTITLEMENTS = "kuStudy WatchKit Extension/kuStudy WatchKit Extension.entitlements";
				CODE_SIGN_IDENTITY = "iPhone Developer";
				"CODE_SIGN_IDENTITY[sdk=iphoneos*]" = "iPhone Distribution: BUMMO KOO (3ZTVE7CS5L)";
				"CODE_SIGN_IDENTITY[sdk=watchos*]" = "iPhone Developer";
				EMBEDDED_CONTENT_CONTAINS_SWIFT = YES;
				FRAMEWORK_SEARCH_PATHS = (
					"$(PROJECT_DIR)",
					"$(inherited)",
				);
				INFOPLIST_FILE = "kuStudy WatchKit Extension/Info.plist";
				LD_RUNPATH_SEARCH_PATHS = "$(inherited) @executable_path/Frameworks @executable_path/../../Frameworks";
				PRODUCT_BUNDLE_IDENTIFIER = com.gbmksquare.kuapps.kuStudy.watchkitapp.watchkitextension;
				PRODUCT_NAME = "${TARGET_NAME}";
				PROVISIONING_PROFILE = "";
				SDKROOT = watchos;
				SKIP_INSTALL = YES;
				TARGETED_DEVICE_FAMILY = 4;
				WATCHOS_DEPLOYMENT_TARGET = 2.1;
			};
			name = Release;
		};
		16136BF01B1C3F0800B3F744 /* Debug */ = {
			isa = XCBuildConfiguration;
			buildSettings = {
				ASSETCATALOG_COMPILER_APPICON_NAME = AppIcon;
				CODE_SIGN_IDENTITY = "iPhone Developer";
				EMBEDDED_CONTENT_CONTAINS_SWIFT = YES;
				GCC_PREPROCESSOR_DEFINITIONS = (
					"DEBUG=1",
					"$(inherited)",
				);
				IBSC_MODULE = kuStudy_WatchKit_Extension;
				INFOPLIST_FILE = "kuStudy WatchKit App/Info.plist";
				PRODUCT_BUNDLE_IDENTIFIER = com.gbmksquare.kuapps.kuStudy.watchkitapp;
				PRODUCT_NAME = "$(TARGET_NAME)";
				PROVISIONING_PROFILE = "a979df2e-747c-4f92-a5f1-7ed275354611";
				SDKROOT = watchos;
				SKIP_INSTALL = YES;
				TARGETED_DEVICE_FAMILY = 4;
				WATCHOS_DEPLOYMENT_TARGET = 2.1;
			};
			name = Debug;
		};
		16136BF11B1C3F0800B3F744 /* Release */ = {
			isa = XCBuildConfiguration;
			buildSettings = {
				ASSETCATALOG_COMPILER_APPICON_NAME = AppIcon;
				CODE_SIGN_IDENTITY = "iPhone Developer";
				"CODE_SIGN_IDENTITY[sdk=iphoneos*]" = "iPhone Distribution: BUMMO KOO (3ZTVE7CS5L)";
				EMBEDDED_CONTENT_CONTAINS_SWIFT = YES;
				IBSC_MODULE = kuStudy_WatchKit_Extension;
				INFOPLIST_FILE = "kuStudy WatchKit App/Info.plist";
				PRODUCT_BUNDLE_IDENTIFIER = com.gbmksquare.kuapps.kuStudy.watchkitapp;
				PRODUCT_NAME = "$(TARGET_NAME)";
				PROVISIONING_PROFILE = "5b287ee0-e285-4143-ae95-e221f1d93e79";
				SDKROOT = watchos;
				SKIP_INSTALL = YES;
				TARGETED_DEVICE_FAMILY = 4;
				WATCHOS_DEPLOYMENT_TARGET = 2.1;
			};
			name = Release;
		};
		16538EB01C4F16830097A4F4 /* Debug */ = {
			isa = XCBuildConfiguration;
			baseConfigurationReference = 65E0C8C79561A5D59EF7CC25 /* Pods-kuStudyWatchKit.debug.xcconfig */;
			buildSettings = {
				APPLICATION_EXTENSION_API_ONLY = YES;
				CODE_SIGN_IDENTITY = "iPhone Developer";
				"CODE_SIGN_IDENTITY[sdk=iphoneos*]" = "iPhone Developer: BUMMO KOO (MTTAM6ZCV2)";
				CURRENT_PROJECT_VERSION = 1;
				DEBUG_INFORMATION_FORMAT = dwarf;
				DEFINES_MODULE = YES;
				DYLIB_COMPATIBILITY_VERSION = 1;
				DYLIB_CURRENT_VERSION = 1;
				DYLIB_INSTALL_NAME_BASE = "@rpath";
				INFOPLIST_FILE = kuStudyWatchKit/Info.plist;
				INSTALL_PATH = "$(LOCAL_LIBRARY_DIR)/Frameworks";
				LD_RUNPATH_SEARCH_PATHS = "$(inherited) @executable_path/Frameworks @loader_path/Frameworks";
				PRODUCT_BUNDLE_IDENTIFIER = com.gbmksquare.kuStudyWatchKit;
				PRODUCT_NAME = "$(TARGET_NAME)";
				SDKROOT = watchos;
				SKIP_INSTALL = YES;
				TARGETED_DEVICE_FAMILY = 4;
				VERSIONING_SYSTEM = "apple-generic";
				VERSION_INFO_PREFIX = "";
				WATCHOS_DEPLOYMENT_TARGET = 2.1;
			};
			name = Debug;
		};
		16538EB11C4F16830097A4F4 /* Release */ = {
			isa = XCBuildConfiguration;
			baseConfigurationReference = 110ECDEBC2E5D3458B9FF8D9 /* Pods-kuStudyWatchKit.release.xcconfig */;
			buildSettings = {
				APPLICATION_EXTENSION_API_ONLY = YES;
				CODE_SIGN_IDENTITY = "iPhone Developer";
				"CODE_SIGN_IDENTITY[sdk=iphoneos*]" = "iPhone Distribution: BUMMO KOO (3ZTVE7CS5L)";
				CURRENT_PROJECT_VERSION = 1;
				DEFINES_MODULE = YES;
				DYLIB_COMPATIBILITY_VERSION = 1;
				DYLIB_CURRENT_VERSION = 1;
				DYLIB_INSTALL_NAME_BASE = "@rpath";
				INFOPLIST_FILE = kuStudyWatchKit/Info.plist;
				INSTALL_PATH = "$(LOCAL_LIBRARY_DIR)/Frameworks";
				LD_RUNPATH_SEARCH_PATHS = "$(inherited) @executable_path/Frameworks @loader_path/Frameworks";
				PRODUCT_BUNDLE_IDENTIFIER = com.gbmksquare.kuStudyWatchKit;
				PRODUCT_NAME = "$(TARGET_NAME)";
				SDKROOT = watchos;
				SKIP_INSTALL = YES;
				TARGETED_DEVICE_FAMILY = 4;
				VERSIONING_SYSTEM = "apple-generic";
				VERSION_INFO_PREFIX = "";
				WATCHOS_DEPLOYMENT_TARGET = 2.1;
			};
			name = Release;
		};
		167245DC1B19C0370083035F /* Debug */ = {
			isa = XCBuildConfiguration;
			buildSettings = {
				ALWAYS_SEARCH_USER_PATHS = NO;
				CLANG_CXX_LANGUAGE_STANDARD = "gnu++0x";
				CLANG_CXX_LIBRARY = "libc++";
				CLANG_ENABLE_MODULES = YES;
				CLANG_ENABLE_OBJC_ARC = YES;
				CLANG_WARN_BOOL_CONVERSION = YES;
				CLANG_WARN_CONSTANT_CONVERSION = YES;
				CLANG_WARN_DIRECT_OBJC_ISA_USAGE = YES_ERROR;
				CLANG_WARN_EMPTY_BODY = YES;
				CLANG_WARN_ENUM_CONVERSION = YES;
				CLANG_WARN_INT_CONVERSION = YES;
				CLANG_WARN_OBJC_ROOT_CLASS = YES_ERROR;
				CLANG_WARN_UNREACHABLE_CODE = YES;
				CLANG_WARN__DUPLICATE_METHOD_MATCH = YES;
				"CODE_SIGN_IDENTITY[sdk=iphoneos*]" = "iPhone Developer";
				COMPRESS_PNG_FILES = NO;
				COPY_PHASE_STRIP = NO;
				DEBUG_INFORMATION_FORMAT = "dwarf-with-dsym";
				ENABLE_STRICT_OBJC_MSGSEND = YES;
				ENABLE_TESTABILITY = YES;
				GCC_C_LANGUAGE_STANDARD = gnu99;
				GCC_DYNAMIC_NO_PIC = NO;
				GCC_NO_COMMON_BLOCKS = YES;
				GCC_OPTIMIZATION_LEVEL = 0;
				GCC_PREPROCESSOR_DEFINITIONS = (
					"DEBUG=1",
					"$(inherited)",
				);
				GCC_SYMBOLS_PRIVATE_EXTERN = NO;
				GCC_WARN_64_TO_32_BIT_CONVERSION = YES;
				GCC_WARN_ABOUT_RETURN_TYPE = YES_ERROR;
				GCC_WARN_UNDECLARED_SELECTOR = YES;
				GCC_WARN_UNINITIALIZED_AUTOS = YES_AGGRESSIVE;
				GCC_WARN_UNUSED_FUNCTION = YES;
				GCC_WARN_UNUSED_VARIABLE = YES;
				IPHONEOS_DEPLOYMENT_TARGET = 9.0;
				MTL_ENABLE_DEBUG_INFO = YES;
				ONLY_ACTIVE_ARCH = YES;
				SDKROOT = iphoneos;
				SWIFT_OPTIMIZATION_LEVEL = "-Onone";
			};
			name = Debug;
		};
		167245DD1B19C0370083035F /* Release */ = {
			isa = XCBuildConfiguration;
			buildSettings = {
				ALWAYS_SEARCH_USER_PATHS = NO;
				CLANG_CXX_LANGUAGE_STANDARD = "gnu++0x";
				CLANG_CXX_LIBRARY = "libc++";
				CLANG_ENABLE_MODULES = YES;
				CLANG_ENABLE_OBJC_ARC = YES;
				CLANG_WARN_BOOL_CONVERSION = YES;
				CLANG_WARN_CONSTANT_CONVERSION = YES;
				CLANG_WARN_DIRECT_OBJC_ISA_USAGE = YES_ERROR;
				CLANG_WARN_EMPTY_BODY = YES;
				CLANG_WARN_ENUM_CONVERSION = YES;
				CLANG_WARN_INT_CONVERSION = YES;
				CLANG_WARN_OBJC_ROOT_CLASS = YES_ERROR;
				CLANG_WARN_UNREACHABLE_CODE = YES;
				CLANG_WARN__DUPLICATE_METHOD_MATCH = YES;
				"CODE_SIGN_IDENTITY[sdk=iphoneos*]" = "iPhone Developer";
				COMPRESS_PNG_FILES = NO;
				COPY_PHASE_STRIP = NO;
				DEBUG_INFORMATION_FORMAT = "dwarf-with-dsym";
				ENABLE_NS_ASSERTIONS = NO;
				ENABLE_STRICT_OBJC_MSGSEND = YES;
				GCC_C_LANGUAGE_STANDARD = gnu99;
				GCC_NO_COMMON_BLOCKS = YES;
				GCC_WARN_64_TO_32_BIT_CONVERSION = YES;
				GCC_WARN_ABOUT_RETURN_TYPE = YES_ERROR;
				GCC_WARN_UNDECLARED_SELECTOR = YES;
				GCC_WARN_UNINITIALIZED_AUTOS = YES_AGGRESSIVE;
				GCC_WARN_UNUSED_FUNCTION = YES;
				GCC_WARN_UNUSED_VARIABLE = YES;
				IPHONEOS_DEPLOYMENT_TARGET = 9.0;
				MTL_ENABLE_DEBUG_INFO = NO;
				SDKROOT = iphoneos;
				VALIDATE_PRODUCT = YES;
			};
			name = Release;
		};
		167245DF1B19C0370083035F /* Debug */ = {
			isa = XCBuildConfiguration;
			baseConfigurationReference = 362BA89676AE1513B4F75865 /* Pods-kuStudy.debug.xcconfig */;
			buildSettings = {
				ASSETCATALOG_COMPILER_APPICON_NAME = AppIcon;
				CODE_SIGN_ENTITLEMENTS = kuStudy/kuStudy.entitlements;
				CODE_SIGN_IDENTITY = "iPhone Developer";
				"CODE_SIGN_IDENTITY[sdk=iphoneos*]" = "iPhone Developer";
				FRAMEWORK_SEARCH_PATHS = (
					"$(inherited)",
					"$(PROJECT_DIR)",
				);
				INFOPLIST_FILE = kuStudy/Info.plist;
				IPHONEOS_DEPLOYMENT_TARGET = 9.0;
				LD_RUNPATH_SEARCH_PATHS = "$(inherited) @executable_path/Frameworks";
				OTHER_SWIFT_FLAGS = "$(inherited) \"-D\" \"COCOAPODS\" -D DEBUG";
				PRODUCT_BUNDLE_IDENTIFIER = com.gbmksquare.kuapps.kuStudy;
				PRODUCT_NAME = "$(TARGET_NAME)";
				PROVISIONING_PROFILE = "cca6e766-b085-4032-967d-c2b04a809755";
			};
			name = Debug;
		};
		167245E01B19C0370083035F /* Release */ = {
			isa = XCBuildConfiguration;
			baseConfigurationReference = FD7AFB64F471A72084DA147D /* Pods-kuStudy.release.xcconfig */;
			buildSettings = {
				ASSETCATALOG_COMPILER_APPICON_NAME = AppIcon;
				CODE_SIGN_ENTITLEMENTS = kuStudy/kuStudy.entitlements;
				CODE_SIGN_IDENTITY = "iPhone Developer";
				"CODE_SIGN_IDENTITY[sdk=iphoneos*]" = "iPhone Developer";
				FRAMEWORK_SEARCH_PATHS = (
					"$(inherited)",
					"$(PROJECT_DIR)",
				);
				INFOPLIST_FILE = kuStudy/Info.plist;
				IPHONEOS_DEPLOYMENT_TARGET = 9.0;
				LD_RUNPATH_SEARCH_PATHS = "$(inherited) @executable_path/Frameworks";
				PRODUCT_BUNDLE_IDENTIFIER = com.gbmksquare.kuapps.kuStudy;
				PRODUCT_NAME = "$(TARGET_NAME)";
				PROVISIONING_PROFILE = "02faf606-6d71-4609-b396-13481cfd86dc";
			};
			name = Release;
		};
		167245E21B19C0370083035F /* Debug */ = {
			isa = XCBuildConfiguration;
			buildSettings = {
				BUNDLE_LOADER = "$(TEST_HOST)";
				FRAMEWORK_SEARCH_PATHS = (
					"$(PROJECT_DIR)",
					"$(inherited)",
				);
				GCC_PREPROCESSOR_DEFINITIONS = (
					"DEBUG=1",
					"$(inherited)",
				);
				INFOPLIST_FILE = kuStudyTests/Info.plist;
				LD_RUNPATH_SEARCH_PATHS = "$(inherited) @executable_path/Frameworks @loader_path/Frameworks";
				PRODUCT_BUNDLE_IDENTIFIER = "com.gbmksquare.$(PRODUCT_NAME:rfc1034identifier)";
				PRODUCT_NAME = "$(TARGET_NAME)";
				TEST_HOST = "$(BUILT_PRODUCTS_DIR)/kuStudy.app/kuStudy";
			};
			name = Debug;
		};
		167245E31B19C0370083035F /* Release */ = {
			isa = XCBuildConfiguration;
			buildSettings = {
				BUNDLE_LOADER = "$(TEST_HOST)";
				FRAMEWORK_SEARCH_PATHS = (
					"$(PROJECT_DIR)",
					"$(inherited)",
				);
				INFOPLIST_FILE = kuStudyTests/Info.plist;
				LD_RUNPATH_SEARCH_PATHS = "$(inherited) @executable_path/Frameworks @loader_path/Frameworks";
				PRODUCT_BUNDLE_IDENTIFIER = "com.gbmksquare.$(PRODUCT_NAME:rfc1034identifier)";
				PRODUCT_NAME = "$(TARGET_NAME)";
				TEST_HOST = "$(BUILT_PRODUCTS_DIR)/kuStudy.app/kuStudy";
			};
			name = Release;
		};
		167246061B19C42C0083035F /* Debug */ = {
			isa = XCBuildConfiguration;
			baseConfigurationReference = 68E9D1B444C70F336A5AD067 /* Pods-kuStudyKit.debug.xcconfig */;
			buildSettings = {
				APPLICATION_EXTENSION_API_ONLY = YES;
				CLANG_ENABLE_MODULES = YES;
				CODE_SIGN_IDENTITY = "iPhone Developer: BUMMO KOO (MTTAM6ZCV2)";
				CURRENT_PROJECT_VERSION = 1;
				DEFINES_MODULE = YES;
				DYLIB_COMPATIBILITY_VERSION = 1;
				DYLIB_CURRENT_VERSION = 1;
				DYLIB_INSTALL_NAME_BASE = "@rpath";
				FRAMEWORK_SEARCH_PATHS = (
					"$(inherited)",
					"$(PROJECT_DIR)",
				);
				GCC_PREPROCESSOR_DEFINITIONS = (
					"DEBUG=1",
					"$(inherited)",
				);
				INFOPLIST_FILE = kuStudyKit/Info.plist;
				INSTALL_PATH = "$(LOCAL_LIBRARY_DIR)/Frameworks";
				LD_RUNPATH_SEARCH_PATHS = "$(inherited) @executable_path/Frameworks @loader_path/Frameworks";
				PRODUCT_BUNDLE_IDENTIFIER = com.gbmksquare.kuApps.kuStudyKit;
				PRODUCT_NAME = "$(TARGET_NAME)";
				SKIP_INSTALL = YES;
				SWIFT_OPTIMIZATION_LEVEL = "-Onone";
				TARGETED_DEVICE_FAMILY = "1,2";
				VERSIONING_SYSTEM = "apple-generic";
				VERSION_INFO_PREFIX = "";
			};
			name = Debug;
		};
		167246071B19C42C0083035F /* Release */ = {
			isa = XCBuildConfiguration;
			baseConfigurationReference = 91D4145A2666C9FAB9682490 /* Pods-kuStudyKit.release.xcconfig */;
			buildSettings = {
				APPLICATION_EXTENSION_API_ONLY = YES;
				CLANG_ENABLE_MODULES = YES;
				CODE_SIGN_IDENTITY = "iPhone Distribution: BUMMO KOO (3ZTVE7CS5L)";
				CURRENT_PROJECT_VERSION = 1;
				DEFINES_MODULE = YES;
				DYLIB_COMPATIBILITY_VERSION = 1;
				DYLIB_CURRENT_VERSION = 1;
				DYLIB_INSTALL_NAME_BASE = "@rpath";
				FRAMEWORK_SEARCH_PATHS = (
					"$(inherited)",
					"$(PROJECT_DIR)",
				);
				INFOPLIST_FILE = kuStudyKit/Info.plist;
				INSTALL_PATH = "$(LOCAL_LIBRARY_DIR)/Frameworks";
				LD_RUNPATH_SEARCH_PATHS = "$(inherited) @executable_path/Frameworks @loader_path/Frameworks";
				PRODUCT_BUNDLE_IDENTIFIER = com.gbmksquare.kuApps.kuStudyKit;
				PRODUCT_NAME = "$(TARGET_NAME)";
				SKIP_INSTALL = YES;
				TARGETED_DEVICE_FAMILY = "1,2";
				VERSIONING_SYSTEM = "apple-generic";
				VERSION_INFO_PREFIX = "";
			};
			name = Release;
		};
		1672460A1B19C42C0083035F /* Debug */ = {
			isa = XCBuildConfiguration;
			buildSettings = {
				FRAMEWORK_SEARCH_PATHS = (
					"$(PROJECT_DIR)",
					"$(inherited)",
				);
				GCC_PREPROCESSOR_DEFINITIONS = (
					"DEBUG=1",
					"$(inherited)",
				);
				INFOPLIST_FILE = kuStudyKitTests/Info.plist;
				LD_RUNPATH_SEARCH_PATHS = "$(inherited) @executable_path/Frameworks @loader_path/Frameworks";
				PRODUCT_BUNDLE_IDENTIFIER = "com.gbmksquare.$(PRODUCT_NAME:rfc1034identifier)";
				PRODUCT_NAME = "$(TARGET_NAME)";
				TEST_HOST = "$(BUILT_PRODUCTS_DIR)/kuStudy.app/kuStudy";
			};
			name = Debug;
		};
		1672460B1B19C42C0083035F /* Release */ = {
			isa = XCBuildConfiguration;
			buildSettings = {
				FRAMEWORK_SEARCH_PATHS = (
					"$(PROJECT_DIR)",
					"$(inherited)",
				);
				INFOPLIST_FILE = kuStudyKitTests/Info.plist;
				LD_RUNPATH_SEARCH_PATHS = "$(inherited) @executable_path/Frameworks @loader_path/Frameworks";
				PRODUCT_BUNDLE_IDENTIFIER = "com.gbmksquare.$(PRODUCT_NAME:rfc1034identifier)";
				PRODUCT_NAME = "$(TARGET_NAME)";
				TEST_HOST = "$(BUILT_PRODUCTS_DIR)/kuStudy.app/kuStudy";
			};
			name = Release;
		};
		16B453721B22A9A400A3B008 /* Debug */ = {
			isa = XCBuildConfiguration;
			baseConfigurationReference = A9990588EBB40EE8A25BB832 /* Pods-kuStudy Today Extension.debug.xcconfig */;
			buildSettings = {
				CODE_SIGN_ENTITLEMENTS = "kuStudy Today Extension/kuStudy Today Extension.entitlements";
				CODE_SIGN_IDENTITY = "iPhone Developer: BUMMO KOO (MTTAM6ZCV2)";
				"CODE_SIGN_IDENTITY[sdk=iphoneos*]" = "iPhone Developer: BUMMO KOO (MTTAM6ZCV2)";
				FRAMEWORK_SEARCH_PATHS = (
					"$(PROJECT_DIR)",
					"$(inherited)",
				);
				GCC_PREPROCESSOR_DEFINITIONS = (
					"DEBUG=1",
					"$(inherited)",
				);
				INFOPLIST_FILE = "kuStudy Today Extension/Info.plist";
				LD_RUNPATH_SEARCH_PATHS = "$(inherited) @executable_path/Frameworks @executable_path/../../Frameworks";
				PRODUCT_BUNDLE_IDENTIFIER = "com.gbmksquare.kuapps.kuStudy.$(PRODUCT_NAME:rfc1034identifier)";
				PRODUCT_NAME = "$(TARGET_NAME)";
				PROVISIONING_PROFILE = "21d64ec1-9948-4601-9a98-2e34528950b4";
				SKIP_INSTALL = YES;
			};
			name = Debug;
		};
		16B453731B22A9A400A3B008 /* Release */ = {
			isa = XCBuildConfiguration;
			baseConfigurationReference = 6852E9C45BAB10E72A3AE3AD /* Pods-kuStudy Today Extension.release.xcconfig */;
			buildSettings = {
				CODE_SIGN_ENTITLEMENTS = "kuStudy Today Extension/kuStudy Today Extension.entitlements";
				CODE_SIGN_IDENTITY = "iPhone Distribution: BUMMO KOO (3ZTVE7CS5L)";
				"CODE_SIGN_IDENTITY[sdk=iphoneos*]" = "iPhone Distribution: BUMMO KOO (3ZTVE7CS5L)";
				FRAMEWORK_SEARCH_PATHS = (
					"$(PROJECT_DIR)",
					"$(inherited)",
				);
				INFOPLIST_FILE = "kuStudy Today Extension/Info.plist";
				LD_RUNPATH_SEARCH_PATHS = "$(inherited) @executable_path/Frameworks @executable_path/../../Frameworks";
				PRODUCT_BUNDLE_IDENTIFIER = "com.gbmksquare.kuapps.kuStudy.$(PRODUCT_NAME:rfc1034identifier)";
				PRODUCT_NAME = "$(TARGET_NAME)";
				PROVISIONING_PROFILE = "311a130c-e582-408a-82e7-c7bd7b36eef5";
				SKIP_INSTALL = YES;
			};
			name = Release;
		};
/* End XCBuildConfiguration section */

/* Begin XCConfigurationList section */
		16136BF21B1C3F0800B3F744 /* Build configuration list for PBXNativeTarget "kuStudy WatchKit App" */ = {
			isa = XCConfigurationList;
			buildConfigurations = (
				16136BF01B1C3F0800B3F744 /* Debug */,
				16136BF11B1C3F0800B3F744 /* Release */,
			);
			defaultConfigurationIsVisible = 0;
			defaultConfigurationName = Release;
		};
		16136BF31B1C3F0800B3F744 /* Build configuration list for PBXNativeTarget "kuStudy WatchKit Extension" */ = {
			isa = XCConfigurationList;
			buildConfigurations = (
				16136BEE1B1C3F0800B3F744 /* Debug */,
				16136BEF1B1C3F0800B3F744 /* Release */,
			);
			defaultConfigurationIsVisible = 0;
			defaultConfigurationName = Release;
		};
		16538EAF1C4F16830097A4F4 /* Build configuration list for PBXNativeTarget "kuStudyWatchKit" */ = {
			isa = XCConfigurationList;
			buildConfigurations = (
				16538EB01C4F16830097A4F4 /* Debug */,
				16538EB11C4F16830097A4F4 /* Release */,
			);
			defaultConfigurationIsVisible = 0;
			defaultConfigurationName = Release;
		};
		167245BA1B19C0370083035F /* Build configuration list for PBXProject "kuStudy" */ = {
			isa = XCConfigurationList;
			buildConfigurations = (
				167245DC1B19C0370083035F /* Debug */,
				167245DD1B19C0370083035F /* Release */,
			);
			defaultConfigurationIsVisible = 0;
			defaultConfigurationName = Release;
		};
		167245DE1B19C0370083035F /* Build configuration list for PBXNativeTarget "kuStudy" */ = {
			isa = XCConfigurationList;
			buildConfigurations = (
				167245DF1B19C0370083035F /* Debug */,
				167245E01B19C0370083035F /* Release */,
			);
			defaultConfigurationIsVisible = 0;
			defaultConfigurationName = Release;
		};
		167245E11B19C0370083035F /* Build configuration list for PBXNativeTarget "kuStudyTests" */ = {
			isa = XCConfigurationList;
			buildConfigurations = (
				167245E21B19C0370083035F /* Debug */,
				167245E31B19C0370083035F /* Release */,
			);
			defaultConfigurationIsVisible = 0;
			defaultConfigurationName = Release;
		};
		167246051B19C42C0083035F /* Build configuration list for PBXNativeTarget "kuStudyKit" */ = {
			isa = XCConfigurationList;
			buildConfigurations = (
				167246061B19C42C0083035F /* Debug */,
				167246071B19C42C0083035F /* Release */,
			);
			defaultConfigurationIsVisible = 0;
			defaultConfigurationName = Release;
		};
		167246091B19C42C0083035F /* Build configuration list for PBXNativeTarget "kuStudyKitTests" */ = {
			isa = XCConfigurationList;
			buildConfigurations = (
				1672460A1B19C42C0083035F /* Debug */,
				1672460B1B19C42C0083035F /* Release */,
			);
			defaultConfigurationIsVisible = 0;
			defaultConfigurationName = Release;
		};
		16B453741B22A9A400A3B008 /* Build configuration list for PBXNativeTarget "kuStudy Today Extension" */ = {
			isa = XCConfigurationList;
			buildConfigurations = (
				16B453721B22A9A400A3B008 /* Debug */,
				16B453731B22A9A400A3B008 /* Release */,
			);
			defaultConfigurationIsVisible = 0;
			defaultConfigurationName = Release;
		};
/* End XCConfigurationList section */
	};
	rootObject = 167245B71B19C0370083035F /* Project object */;
}
